
Microsoft Visual Studio Solution File, Format Version 12.00
# Visual Studio Version 17
VisualStudioVersion = 17.7.34018.315
MinimumVisualStudioVersion = 10.0.40219.1
Project("{9A19103F-16F7-4668-BE54-9A1E7A4F7556}") = "bam", "bam\bam.csproj", "{EA2E4ACD-72EF-456B-BC02-EF7FCF595F3C}"
EndProject
Project("{2150E333-8FDC-42A3-9474-1A3956D46DE8}") = "framework", "framework", "{AE19C89E-37FD-4B04-AAA3-C482619D5F6A}"
EndProject
Project("{9A19103F-16F7-4668-BE54-9A1E7A4F7556}") = "bam.base", "submodules\bam.base\bam.base\bam.base.csproj", "{FD2CFCB4-4680-4AA9-AC61-B7F7FCF5561F}"
EndProject
Project("{9A19103F-16F7-4668-BE54-9A1E7A4F7556}") = "bam.base.services", "submodules\bam.base.services\bam.base.services\bam.base.services.csproj", "{FAA3066F-4D79-4F06-B800-79E1FA1E41AB}"
EndProject
Project("{9A19103F-16F7-4668-BE54-9A1E7A4F7556}") = "bam.caching", "submodules\bam.caching\bam.caching\bam.caching.csproj", "{5E8CC36F-37FD-459B-B8E1-FE5C4E1088B2}"
EndProject
Project("{9A19103F-16F7-4668-BE54-9A1E7A4F7556}") = "bam.commandline", "submodules\bam.commandline\bam.commandline\bam.commandline.csproj", "{7C6C3CDE-5F32-4AE3-9FF6-EA35E4536642}"
EndProject
Project("{9A19103F-16F7-4668-BE54-9A1E7A4F7556}") = "bam.configuration", "submodules\bam.configuration\bam.configuration\bam.configuration.csproj", "{B6F5A435-D414-4862-8C54-2129304E2433}"
EndProject
Project("{9A19103F-16F7-4668-BE54-9A1E7A4F7556}") = "bam.data", "submodules\bam.data\bam.data\bam.data.csproj", "{465ED0A0-CFFF-4A1A-8198-50AA3B1CE2C3}"
EndProject
Project("{9A19103F-16F7-4668-BE54-9A1E7A4F7556}") = "bam.data.backup", "submodules\bam.data.backup\bam.data.backup\bam.data.backup.csproj", "{654772E4-4D96-4760-BA1F-D2B032247878}"
EndProject
Project("{9A19103F-16F7-4668-BE54-9A1E7A4F7556}") = "bam.data.repositories", "submodules\bam.data.repositories\bam.data.repositories\bam.data.repositories.csproj", "{F03B0BA3-F53E-49F4-9D23-56383AB0F150}"
EndProject
Project("{9A19103F-16F7-4668-BE54-9A1E7A4F7556}") = "bam.data.schema", "submodules\bam.data.schema\bam.data.schema\bam.data.schema.csproj", "{A6E99E63-B60C-4A52-A71D-36D5C02C56D3}"
EndProject
Project("{9A19103F-16F7-4668-BE54-9A1E7A4F7556}") = "bam.encryption", "submodules\bam.encryption\bam.encryption\bam.encryption.csproj", "{D669FF57-AB33-4046-81A4-B61567A1F9E7}"
EndProject
Project("{9A19103F-16F7-4668-BE54-9A1E7A4F7556}") = "bam.generators", "submodules\bam.generators\bam.generators\bam.generators.csproj", "{671346D1-CCAE-460B-8C29-A7F1620ACBAE}"
EndProject
Project("{9A19103F-16F7-4668-BE54-9A1E7A4F7556}") = "bam.javascript", "submodules\bam.javascript\bam.javascript\bam.javascript.csproj", "{969A7232-78A2-4210-BCF8-FA4B4A69561D}"
EndProject
Project("{9A19103F-16F7-4668-BE54-9A1E7A4F7556}") = "bam.logging", "submodules\bam.logging\bam.logging\bam.logging.csproj", "{D27A08FF-F257-4622-AEC9-96F4B9C0FF44}"
EndProject
Project("{9A19103F-16F7-4668-BE54-9A1E7A4F7556}") = "bam.logging.counters", "submodules\bam.logging.counters\bam.logging.counters\bam.logging.counters.csproj", "{B0A9B88A-FB5E-4D3E-BDA1-32AD20F13E6F}"
EndProject
Project("{9A19103F-16F7-4668-BE54-9A1E7A4F7556}") = "bam.storage", "submodules\bam.storage\bam.storage\bam.storage.csproj", "{246ED331-1A8C-475A-A6BB-338AC98ACA83}"
EndProject
Project("{9A19103F-16F7-4668-BE54-9A1E7A4F7556}") = "bam.testing", "submodules\bam.testing\bam.testing\bam.testing.csproj", "{06836A7B-4201-4D2D-A36F-1A1A0E5F3B59}"
EndProject
Project("{9A19103F-16F7-4668-BE54-9A1E7A4F7556}") = "bam.useraccounts", "submodules\bam.useraccounts\bam.useraccounts\bam.useraccounts.csproj", "{1B5FD981-0D1B-4DF4-A3DD-BAA86101B409}"
EndProject
Project("{2150E333-8FDC-42A3-9474-1A3956D46DE8}") = "tools", "tools", "{D7238B19-AA0A-4B2B-B411-F9E3C565DB5D}"
EndProject
Project("{2150E333-8FDC-42A3-9474-1A3956D46DE8}") = "bamtest", "bamtest", "{3D7354EB-2532-45C5-BE49-E5FC208429A9}"
EndProject
Project("{9A19103F-16F7-4668-BE54-9A1E7A4F7556}") = "bamtest", "submodules\bamtest\bamtest\bamtest.csproj", "{817E6A85-99C9-430A-80B5-6175406FCC25}"
EndProject
Project("{2150E333-8FDC-42A3-9474-1A3956D46DE8}") = "bamdb", "bamdb", "{059CE9D5-F5BF-4478-97B6-08A4CD8E41F2}"
EndProject
Project("{9A19103F-16F7-4668-BE54-9A1E7A4F7556}") = "bamdb", "submodules\bamdb\bamdb\bamdb.csproj", "{A3577E6B-F930-4148-BB09-F46C89768BA6}"
EndProject
Project("{2150E333-8FDC-42A3-9474-1A3956D46DE8}") = "bam.testing", "bam.testing", "{2DDC98DB-5468-4A6E-9264-A53248CDAFA9}"
EndProject
Project("{9A19103F-16F7-4668-BE54-9A1E7A4F7556}") = "bam.testing.tests", "..\bam.framework\submodules\bam.testing\bam.testing\Tests\bam.testing.tests\bam.testing.tests.csproj", "{FB7E271F-8382-49F2-B375-86B645146937}"
EndProject
Project("{9A19103F-16F7-4668-BE54-9A1E7A4F7556}") = "bam.automation", "submodules\bam.automation\bam.automation\bam.automation.csproj", "{E4030A2A-40C9-491A-89DD-6669D59FE7F0}"
EndProject
Project("{2150E333-8FDC-42A3-9474-1A3956D46DE8}") = "bam.console", "bam.console", "{13B31AC4-CEF6-41F5-904A-570D1DBDA2AC}"
EndProject
Project("{9A19103F-16F7-4668-BE54-9A1E7A4F7556}") = "bam.console", "submodules\bam.console\bam.console\bam.console.csproj", "{8B25E6BB-DCF1-4DC9-8042-A61829FF08CC}"
EndProject
Project("{9A19103F-16F7-4668-BE54-9A1E7A4F7556}") = "bam.console.tests", "submodules\bam.console\bam.console.tests\bam.sys.console.tests\bam.console.tests.csproj", "{3E20DEA1-62FB-4E7A-A75B-BFAFC40DAF54}"
EndProject
Project("{2150E333-8FDC-42A3-9474-1A3956D46DE8}") = "bam.shell", "bam.shell", "{2A564E35-633C-420A-A653-574DE4558A78}"
EndProject
Project("{9A19103F-16F7-4668-BE54-9A1E7A4F7556}") = "bam.shell", "submodules\bam.shell\bam.shell\bam.shell.csproj", "{60BE9950-FAA6-48B6-8602-6E82927E12CE}"
EndProject
Project("{2150E333-8FDC-42A3-9474-1A3956D46DE8}") = "obsolete", "obsolete", "{CA778291-6941-4379-A815-BFD7C1D0EE48}"
EndProject
Project("{2150E333-8FDC-42A3-9474-1A3956D46DE8}") = "bam.automation", "bam.automation", "{CB8722E6-65C1-4DBA-9AC5-A90E255E157B}"
EndProject
Project("{2150E333-8FDC-42A3-9474-1A3956D46DE8}") = "bam.base", "bam.base", "{D1F91E7A-CCCB-47A9-B032-82C5D315D305}"
EndProject
Project("{2150E333-8FDC-42A3-9474-1A3956D46DE8}") = "bam.data", "bam.data", "{008633D5-BA95-4023-9CB4-C138D85AA712}"
EndProject
Project("{2150E333-8FDC-42A3-9474-1A3956D46DE8}") = "bam.generators", "bam.generators", "{221815DB-63C6-423F-A6E3-BBCBB0498C8B}"
EndProject
Project("{9A19103F-16F7-4668-BE54-9A1E7A4F7556}") = "bam.generators.tests", "submodules\bam.generators\bam.generators.tests\bam.generators.tests.csproj", "{DE96EBB8-44CF-41C8-8A2B-EA2980FE381C}"
EndProject
Project("{2150E333-8FDC-42A3-9474-1A3956D46DE8}") = "bam.data.schema", "bam.data.schema", "{63AA43AE-6851-4022-B232-64302A468542}"
EndProject
Project("{9A19103F-16F7-4668-BE54-9A1E7A4F7556}") = "bam.base.tests", "submodules\bam.base\bam.base.tests\bam.base.tests.csproj", "{6B4750D6-1281-463F-910B-9093BD75618B}"
EndProject
Project("{FAE04EC0-301F-11D3-BF4B-00C04F79EFBC}") = "bam.data.schema.tests", "submodules\bam.data.schema\bam.data.schema.tests\bam.data.schema.tests.csproj", "{1CE4A2B1-F6FB-49F4-A074-99C31BF91B10}"
EndProject
Global
	GlobalSection(SolutionConfigurationPlatforms) = preSolution
		Debug|Any CPU = Debug|Any CPU
		Release|Any CPU = Release|Any CPU
	EndGlobalSection
	GlobalSection(ProjectConfigurationPlatforms) = postSolution
		{EA2E4ACD-72EF-456B-BC02-EF7FCF595F3C}.Debug|Any CPU.ActiveCfg = Debug|Any CPU
		{EA2E4ACD-72EF-456B-BC02-EF7FCF595F3C}.Debug|Any CPU.Build.0 = Debug|Any CPU
		{EA2E4ACD-72EF-456B-BC02-EF7FCF595F3C}.Release|Any CPU.ActiveCfg = Release|Any CPU
		{EA2E4ACD-72EF-456B-BC02-EF7FCF595F3C}.Release|Any CPU.Build.0 = Release|Any CPU
		{FD2CFCB4-4680-4AA9-AC61-B7F7FCF5561F}.Debug|Any CPU.ActiveCfg = Debug|Any CPU
		{FD2CFCB4-4680-4AA9-AC61-B7F7FCF5561F}.Debug|Any CPU.Build.0 = Debug|Any CPU
		{FD2CFCB4-4680-4AA9-AC61-B7F7FCF5561F}.Release|Any CPU.ActiveCfg = Release|Any CPU
		{FD2CFCB4-4680-4AA9-AC61-B7F7FCF5561F}.Release|Any CPU.Build.0 = Release|Any CPU
		{FAA3066F-4D79-4F06-B800-79E1FA1E41AB}.Debug|Any CPU.ActiveCfg = Debug|Any CPU
		{FAA3066F-4D79-4F06-B800-79E1FA1E41AB}.Debug|Any CPU.Build.0 = Debug|Any CPU
		{FAA3066F-4D79-4F06-B800-79E1FA1E41AB}.Release|Any CPU.ActiveCfg = Release|Any CPU
		{FAA3066F-4D79-4F06-B800-79E1FA1E41AB}.Release|Any CPU.Build.0 = Release|Any CPU
		{5E8CC36F-37FD-459B-B8E1-FE5C4E1088B2}.Debug|Any CPU.ActiveCfg = Debug|Any CPU
		{5E8CC36F-37FD-459B-B8E1-FE5C4E1088B2}.Debug|Any CPU.Build.0 = Debug|Any CPU
		{5E8CC36F-37FD-459B-B8E1-FE5C4E1088B2}.Release|Any CPU.ActiveCfg = Release|Any CPU
		{5E8CC36F-37FD-459B-B8E1-FE5C4E1088B2}.Release|Any CPU.Build.0 = Release|Any CPU
		{7C6C3CDE-5F32-4AE3-9FF6-EA35E4536642}.Debug|Any CPU.ActiveCfg = Debug|Any CPU
		{7C6C3CDE-5F32-4AE3-9FF6-EA35E4536642}.Debug|Any CPU.Build.0 = Debug|Any CPU
		{7C6C3CDE-5F32-4AE3-9FF6-EA35E4536642}.Release|Any CPU.ActiveCfg = Release|Any CPU
		{7C6C3CDE-5F32-4AE3-9FF6-EA35E4536642}.Release|Any CPU.Build.0 = Release|Any CPU
		{B6F5A435-D414-4862-8C54-2129304E2433}.Debug|Any CPU.ActiveCfg = Debug|Any CPU
		{B6F5A435-D414-4862-8C54-2129304E2433}.Debug|Any CPU.Build.0 = Debug|Any CPU
		{B6F5A435-D414-4862-8C54-2129304E2433}.Release|Any CPU.ActiveCfg = Release|Any CPU
		{B6F5A435-D414-4862-8C54-2129304E2433}.Release|Any CPU.Build.0 = Release|Any CPU
		{465ED0A0-CFFF-4A1A-8198-50AA3B1CE2C3}.Debug|Any CPU.ActiveCfg = Debug|Any CPU
		{465ED0A0-CFFF-4A1A-8198-50AA3B1CE2C3}.Debug|Any CPU.Build.0 = Debug|Any CPU
		{465ED0A0-CFFF-4A1A-8198-50AA3B1CE2C3}.Release|Any CPU.ActiveCfg = Release|Any CPU
		{465ED0A0-CFFF-4A1A-8198-50AA3B1CE2C3}.Release|Any CPU.Build.0 = Release|Any CPU
		{654772E4-4D96-4760-BA1F-D2B032247878}.Debug|Any CPU.ActiveCfg = Debug|Any CPU
		{654772E4-4D96-4760-BA1F-D2B032247878}.Debug|Any CPU.Build.0 = Debug|Any CPU
		{654772E4-4D96-4760-BA1F-D2B032247878}.Release|Any CPU.ActiveCfg = Release|Any CPU
		{654772E4-4D96-4760-BA1F-D2B032247878}.Release|Any CPU.Build.0 = Release|Any CPU
		{F03B0BA3-F53E-49F4-9D23-56383AB0F150}.Debug|Any CPU.ActiveCfg = Debug|Any CPU
		{F03B0BA3-F53E-49F4-9D23-56383AB0F150}.Debug|Any CPU.Build.0 = Debug|Any CPU
		{F03B0BA3-F53E-49F4-9D23-56383AB0F150}.Release|Any CPU.ActiveCfg = Release|Any CPU
		{F03B0BA3-F53E-49F4-9D23-56383AB0F150}.Release|Any CPU.Build.0 = Release|Any CPU
		{A6E99E63-B60C-4A52-A71D-36D5C02C56D3}.Debug|Any CPU.ActiveCfg = Debug|Any CPU
		{A6E99E63-B60C-4A52-A71D-36D5C02C56D3}.Debug|Any CPU.Build.0 = Debug|Any CPU
		{A6E99E63-B60C-4A52-A71D-36D5C02C56D3}.Release|Any CPU.ActiveCfg = Release|Any CPU
		{A6E99E63-B60C-4A52-A71D-36D5C02C56D3}.Release|Any CPU.Build.0 = Release|Any CPU
		{D669FF57-AB33-4046-81A4-B61567A1F9E7}.Debug|Any CPU.ActiveCfg = Debug|Any CPU
		{D669FF57-AB33-4046-81A4-B61567A1F9E7}.Debug|Any CPU.Build.0 = Debug|Any CPU
		{D669FF57-AB33-4046-81A4-B61567A1F9E7}.Release|Any CPU.ActiveCfg = Release|Any CPU
		{D669FF57-AB33-4046-81A4-B61567A1F9E7}.Release|Any CPU.Build.0 = Release|Any CPU
		{671346D1-CCAE-460B-8C29-A7F1620ACBAE}.Debug|Any CPU.ActiveCfg = Debug|Any CPU
		{671346D1-CCAE-460B-8C29-A7F1620ACBAE}.Debug|Any CPU.Build.0 = Debug|Any CPU
		{671346D1-CCAE-460B-8C29-A7F1620ACBAE}.Release|Any CPU.ActiveCfg = Release|Any CPU
		{671346D1-CCAE-460B-8C29-A7F1620ACBAE}.Release|Any CPU.Build.0 = Release|Any CPU
		{969A7232-78A2-4210-BCF8-FA4B4A69561D}.Debug|Any CPU.ActiveCfg = Debug|Any CPU
		{969A7232-78A2-4210-BCF8-FA4B4A69561D}.Debug|Any CPU.Build.0 = Debug|Any CPU
		{969A7232-78A2-4210-BCF8-FA4B4A69561D}.Release|Any CPU.ActiveCfg = Release|Any CPU
		{969A7232-78A2-4210-BCF8-FA4B4A69561D}.Release|Any CPU.Build.0 = Release|Any CPU
		{D27A08FF-F257-4622-AEC9-96F4B9C0FF44}.Debug|Any CPU.ActiveCfg = Debug|Any CPU
		{D27A08FF-F257-4622-AEC9-96F4B9C0FF44}.Debug|Any CPU.Build.0 = Debug|Any CPU
		{D27A08FF-F257-4622-AEC9-96F4B9C0FF44}.Release|Any CPU.ActiveCfg = Release|Any CPU
		{D27A08FF-F257-4622-AEC9-96F4B9C0FF44}.Release|Any CPU.Build.0 = Release|Any CPU
		{B0A9B88A-FB5E-4D3E-BDA1-32AD20F13E6F}.Debug|Any CPU.ActiveCfg = Debug|Any CPU
		{B0A9B88A-FB5E-4D3E-BDA1-32AD20F13E6F}.Debug|Any CPU.Build.0 = Debug|Any CPU
		{B0A9B88A-FB5E-4D3E-BDA1-32AD20F13E6F}.Release|Any CPU.ActiveCfg = Release|Any CPU
		{B0A9B88A-FB5E-4D3E-BDA1-32AD20F13E6F}.Release|Any CPU.Build.0 = Release|Any CPU
		{246ED331-1A8C-475A-A6BB-338AC98ACA83}.Debug|Any CPU.ActiveCfg = Debug|Any CPU
		{246ED331-1A8C-475A-A6BB-338AC98ACA83}.Debug|Any CPU.Build.0 = Debug|Any CPU
		{246ED331-1A8C-475A-A6BB-338AC98ACA83}.Release|Any CPU.ActiveCfg = Release|Any CPU
		{246ED331-1A8C-475A-A6BB-338AC98ACA83}.Release|Any CPU.Build.0 = Release|Any CPU
		{06836A7B-4201-4D2D-A36F-1A1A0E5F3B59}.Debug|Any CPU.ActiveCfg = Debug|Any CPU
		{06836A7B-4201-4D2D-A36F-1A1A0E5F3B59}.Debug|Any CPU.Build.0 = Debug|Any CPU
		{06836A7B-4201-4D2D-A36F-1A1A0E5F3B59}.Release|Any CPU.ActiveCfg = Release|Any CPU
		{06836A7B-4201-4D2D-A36F-1A1A0E5F3B59}.Release|Any CPU.Build.0 = Release|Any CPU
		{1B5FD981-0D1B-4DF4-A3DD-BAA86101B409}.Debug|Any CPU.ActiveCfg = Debug|Any CPU
		{1B5FD981-0D1B-4DF4-A3DD-BAA86101B409}.Debug|Any CPU.Build.0 = Debug|Any CPU
		{1B5FD981-0D1B-4DF4-A3DD-BAA86101B409}.Release|Any CPU.ActiveCfg = Release|Any CPU
		{1B5FD981-0D1B-4DF4-A3DD-BAA86101B409}.Release|Any CPU.Build.0 = Release|Any CPU
		{817E6A85-99C9-430A-80B5-6175406FCC25}.Debug|Any CPU.ActiveCfg = Debug|Any CPU
		{817E6A85-99C9-430A-80B5-6175406FCC25}.Debug|Any CPU.Build.0 = Debug|Any CPU
		{817E6A85-99C9-430A-80B5-6175406FCC25}.Release|Any CPU.ActiveCfg = Release|Any CPU
		{817E6A85-99C9-430A-80B5-6175406FCC25}.Release|Any CPU.Build.0 = Release|Any CPU
		{A3577E6B-F930-4148-BB09-F46C89768BA6}.Debug|Any CPU.ActiveCfg = Debug|Any CPU
		{A3577E6B-F930-4148-BB09-F46C89768BA6}.Debug|Any CPU.Build.0 = Debug|Any CPU
		{A3577E6B-F930-4148-BB09-F46C89768BA6}.Release|Any CPU.ActiveCfg = Release|Any CPU
		{A3577E6B-F930-4148-BB09-F46C89768BA6}.Release|Any CPU.Build.0 = Release|Any CPU
		{FB7E271F-8382-49F2-B375-86B645146937}.Debug|Any CPU.ActiveCfg = Debug|Any CPU
		{FB7E271F-8382-49F2-B375-86B645146937}.Debug|Any CPU.Build.0 = Debug|Any CPU
		{FB7E271F-8382-49F2-B375-86B645146937}.Release|Any CPU.ActiveCfg = Release|Any CPU
		{FB7E271F-8382-49F2-B375-86B645146937}.Release|Any CPU.Build.0 = Release|Any CPU
		{E4030A2A-40C9-491A-89DD-6669D59FE7F0}.Debug|Any CPU.ActiveCfg = Debug|Any CPU
		{E4030A2A-40C9-491A-89DD-6669D59FE7F0}.Debug|Any CPU.Build.0 = Debug|Any CPU
		{E4030A2A-40C9-491A-89DD-6669D59FE7F0}.Release|Any CPU.ActiveCfg = Release|Any CPU
		{E4030A2A-40C9-491A-89DD-6669D59FE7F0}.Release|Any CPU.Build.0 = Release|Any CPU
		{8B25E6BB-DCF1-4DC9-8042-A61829FF08CC}.Debug|Any CPU.ActiveCfg = Debug|Any CPU
		{8B25E6BB-DCF1-4DC9-8042-A61829FF08CC}.Debug|Any CPU.Build.0 = Debug|Any CPU
		{8B25E6BB-DCF1-4DC9-8042-A61829FF08CC}.Release|Any CPU.ActiveCfg = Release|Any CPU
		{8B25E6BB-DCF1-4DC9-8042-A61829FF08CC}.Release|Any CPU.Build.0 = Release|Any CPU
		{3E20DEA1-62FB-4E7A-A75B-BFAFC40DAF54}.Debug|Any CPU.ActiveCfg = Debug|Any CPU
		{3E20DEA1-62FB-4E7A-A75B-BFAFC40DAF54}.Debug|Any CPU.Build.0 = Debug|Any CPU
		{3E20DEA1-62FB-4E7A-A75B-BFAFC40DAF54}.Release|Any CPU.ActiveCfg = Release|Any CPU
		{3E20DEA1-62FB-4E7A-A75B-BFAFC40DAF54}.Release|Any CPU.Build.0 = Release|Any CPU
		{60BE9950-FAA6-48B6-8602-6E82927E12CE}.Debug|Any CPU.ActiveCfg = Debug|Any CPU
		{60BE9950-FAA6-48B6-8602-6E82927E12CE}.Debug|Any CPU.Build.0 = Debug|Any CPU
		{60BE9950-FAA6-48B6-8602-6E82927E12CE}.Release|Any CPU.ActiveCfg = Release|Any CPU
		{60BE9950-FAA6-48B6-8602-6E82927E12CE}.Release|Any CPU.Build.0 = Release|Any CPU
		{DE96EBB8-44CF-41C8-8A2B-EA2980FE381C}.Debug|Any CPU.ActiveCfg = Debug|Any CPU
		{DE96EBB8-44CF-41C8-8A2B-EA2980FE381C}.Debug|Any CPU.Build.0 = Debug|Any CPU
		{DE96EBB8-44CF-41C8-8A2B-EA2980FE381C}.Release|Any CPU.ActiveCfg = Release|Any CPU
		{DE96EBB8-44CF-41C8-8A2B-EA2980FE381C}.Release|Any CPU.Build.0 = Release|Any CPU
		{6B4750D6-1281-463F-910B-9093BD75618B}.Debug|Any CPU.ActiveCfg = Debug|Any CPU
		{6B4750D6-1281-463F-910B-9093BD75618B}.Debug|Any CPU.Build.0 = Debug|Any CPU
		{6B4750D6-1281-463F-910B-9093BD75618B}.Release|Any CPU.ActiveCfg = Release|Any CPU
		{6B4750D6-1281-463F-910B-9093BD75618B}.Release|Any CPU.Build.0 = Release|Any CPU
		{1CE4A2B1-F6FB-49F4-A074-99C31BF91B10}.Debug|Any CPU.ActiveCfg = Debug|Any CPU
		{1CE4A2B1-F6FB-49F4-A074-99C31BF91B10}.Debug|Any CPU.Build.0 = Debug|Any CPU
		{1CE4A2B1-F6FB-49F4-A074-99C31BF91B10}.Release|Any CPU.ActiveCfg = Release|Any CPU
		{1CE4A2B1-F6FB-49F4-A074-99C31BF91B10}.Release|Any CPU.Build.0 = Release|Any CPU
	EndGlobalSection
	GlobalSection(SolutionProperties) = preSolution
		HideSolutionNode = FALSE
	EndGlobalSection
	GlobalSection(NestedProjects) = preSolution
		{EA2E4ACD-72EF-456B-BC02-EF7FCF595F3C} = {D7238B19-AA0A-4B2B-B411-F9E3C565DB5D}
		{FD2CFCB4-4680-4AA9-AC61-B7F7FCF5561F} = {D1F91E7A-CCCB-47A9-B032-82C5D315D305}
		{FAA3066F-4D79-4F06-B800-79E1FA1E41AB} = {AE19C89E-37FD-4B04-AAA3-C482619D5F6A}
		{5E8CC36F-37FD-459B-B8E1-FE5C4E1088B2} = {AE19C89E-37FD-4B04-AAA3-C482619D5F6A}
		{7C6C3CDE-5F32-4AE3-9FF6-EA35E4536642} = {CA778291-6941-4379-A815-BFD7C1D0EE48}
		{B6F5A435-D414-4862-8C54-2129304E2433} = {AE19C89E-37FD-4B04-AAA3-C482619D5F6A}
		{465ED0A0-CFFF-4A1A-8198-50AA3B1CE2C3} = {008633D5-BA95-4023-9CB4-C138D85AA712}
		{654772E4-4D96-4760-BA1F-D2B032247878} = {AE19C89E-37FD-4B04-AAA3-C482619D5F6A}
		{F03B0BA3-F53E-49F4-9D23-56383AB0F150} = {AE19C89E-37FD-4B04-AAA3-C482619D5F6A}
		{A6E99E63-B60C-4A52-A71D-36D5C02C56D3} = {63AA43AE-6851-4022-B232-64302A468542}
		{D669FF57-AB33-4046-81A4-B61567A1F9E7} = {AE19C89E-37FD-4B04-AAA3-C482619D5F6A}
		{671346D1-CCAE-460B-8C29-A7F1620ACBAE} = {221815DB-63C6-423F-A6E3-BBCBB0498C8B}
		{969A7232-78A2-4210-BCF8-FA4B4A69561D} = {AE19C89E-37FD-4B04-AAA3-C482619D5F6A}
		{D27A08FF-F257-4622-AEC9-96F4B9C0FF44} = {AE19C89E-37FD-4B04-AAA3-C482619D5F6A}
		{B0A9B88A-FB5E-4D3E-BDA1-32AD20F13E6F} = {AE19C89E-37FD-4B04-AAA3-C482619D5F6A}
		{246ED331-1A8C-475A-A6BB-338AC98ACA83} = {AE19C89E-37FD-4B04-AAA3-C482619D5F6A}
		{06836A7B-4201-4D2D-A36F-1A1A0E5F3B59} = {2DDC98DB-5468-4A6E-9264-A53248CDAFA9}
		{1B5FD981-0D1B-4DF4-A3DD-BAA86101B409} = {AE19C89E-37FD-4B04-AAA3-C482619D5F6A}
		{3D7354EB-2532-45C5-BE49-E5FC208429A9} = {D7238B19-AA0A-4B2B-B411-F9E3C565DB5D}
		{817E6A85-99C9-430A-80B5-6175406FCC25} = {3D7354EB-2532-45C5-BE49-E5FC208429A9}
		{059CE9D5-F5BF-4478-97B6-08A4CD8E41F2} = {D7238B19-AA0A-4B2B-B411-F9E3C565DB5D}
		{A3577E6B-F930-4148-BB09-F46C89768BA6} = {059CE9D5-F5BF-4478-97B6-08A4CD8E41F2}
		{2DDC98DB-5468-4A6E-9264-A53248CDAFA9} = {AE19C89E-37FD-4B04-AAA3-C482619D5F6A}
		{FB7E271F-8382-49F2-B375-86B645146937} = {2DDC98DB-5468-4A6E-9264-A53248CDAFA9}
		{E4030A2A-40C9-491A-89DD-6669D59FE7F0} = {CB8722E6-65C1-4DBA-9AC5-A90E255E157B}
		{13B31AC4-CEF6-41F5-904A-570D1DBDA2AC} = {AE19C89E-37FD-4B04-AAA3-C482619D5F6A}
		{8B25E6BB-DCF1-4DC9-8042-A61829FF08CC} = {13B31AC4-CEF6-41F5-904A-570D1DBDA2AC}
		{3E20DEA1-62FB-4E7A-A75B-BFAFC40DAF54} = {13B31AC4-CEF6-41F5-904A-570D1DBDA2AC}
		{2A564E35-633C-420A-A653-574DE4558A78} = {AE19C89E-37FD-4B04-AAA3-C482619D5F6A}
		{60BE9950-FAA6-48B6-8602-6E82927E12CE} = {2A564E35-633C-420A-A653-574DE4558A78}
		{CB8722E6-65C1-4DBA-9AC5-A90E255E157B} = {AE19C89E-37FD-4B04-AAA3-C482619D5F6A}
		{D1F91E7A-CCCB-47A9-B032-82C5D315D305} = {AE19C89E-37FD-4B04-AAA3-C482619D5F6A}
		{008633D5-BA95-4023-9CB4-C138D85AA712} = {AE19C89E-37FD-4B04-AAA3-C482619D5F6A}
		{221815DB-63C6-423F-A6E3-BBCBB0498C8B} = {AE19C89E-37FD-4B04-AAA3-C482619D5F6A}
		{DE96EBB8-44CF-41C8-8A2B-EA2980FE381C} = {221815DB-63C6-423F-A6E3-BBCBB0498C8B}
		{63AA43AE-6851-4022-B232-64302A468542} = {AE19C89E-37FD-4B04-AAA3-C482619D5F6A}
		{6B4750D6-1281-463F-910B-9093BD75618B} = {D1F91E7A-CCCB-47A9-B032-82C5D315D305}
		{1CE4A2B1-F6FB-49F4-A074-99C31BF91B10} = {63AA43AE-6851-4022-B232-64302A468542}
	EndGlobalSection
	GlobalSection(ExtensibilityGlobals) = postSolution
		SolutionGuid = {128B88FB-74C7-4070-AD2C-1D67B387BD42}
	EndGlobalSection
EndGlobal
