
Microsoft Visual Studio Solution File, Format Version 12.00
# Visual Studio Version 17
VisualStudioVersion = 17.7.34018.315
MinimumVisualStudioVersion = 10.0.40219.1
Project("{9A19103F-16F7-4668-BE54-9A1E7A4F7556}") = "bam", "bam\bam.csproj", "{EA2E4ACD-72EF-456B-BC02-EF7FCF595F3C}"
EndProject
Project("{2150E333-8FDC-42A3-9474-1A3956D46DE8}") = "framework", "framework", "{AE19C89E-37FD-4B04-AAA3-C482619D5F6A}"
EndProject
Project("{9A19103F-16F7-4668-BE54-9A1E7A4F7556}") = "bam.base", "submodules\bam.base\bam.base\bam.base.csproj", "{FD2CFCB4-4680-4AA9-AC61-B7F7FCF5561F}"
EndProject
Project("{9A19103F-16F7-4668-BE54-9A1E7A4F7556}") = "bam.base.services", "submodules\bam.base.services\bam.base.services\bam.base.services.csproj", "{FAA3066F-4D79-4F06-B800-79E1FA1E41AB}"
EndProject
Project("{9A19103F-16F7-4668-BE54-9A1E7A4F7556}") = "bam.caching", "submodules\bam.caching\bam.caching\bam.caching.csproj", "{5E8CC36F-37FD-459B-B8E1-FE5C4E1088B2}"
EndProject
Project("{9A19103F-16F7-4668-BE54-9A1E7A4F7556}") = "bam.commandline", "submodules\bam.commandline\bam.commandline\bam.commandline.csproj", "{7C6C3CDE-5F32-4AE3-9FF6-EA35E4536642}"
EndProject
Project("{9A19103F-16F7-4668-BE54-9A1E7A4F7556}") = "bam.configuration", "submodules\bam.configuration\bam.configuration\bam.configuration.csproj", "{B6F5A435-D414-4862-8C54-2129304E2433}"
EndProject
Project("{9A19103F-16F7-4668-BE54-9A1E7A4F7556}") = "bam.data", "submodules\bam.data\bam.data\bam.data.csproj", "{465ED0A0-CFFF-4A1A-8198-50AA3B1CE2C3}"
EndProject
Project("{9A19103F-16F7-4668-BE54-9A1E7A4F7556}") = "bam.data.backup", "submodules\bam.data.backup\bam.data.backup\bam.data.backup.csproj", "{654772E4-4D96-4760-BA1F-D2B032247878}"
EndProject
Project("{9A19103F-16F7-4668-BE54-9A1E7A4F7556}") = "bam.data.repositories", "submodules\bam.data.repositories\bam.data.repositories\bam.data.repositories.csproj", "{F03B0BA3-F53E-49F4-9D23-56383AB0F150}"
EndProject
Project("{9A19103F-16F7-4668-BE54-9A1E7A4F7556}") = "bam.data.schema", "submodules\bam.data.schema\bam.data.schema\bam.data.schema.csproj", "{A6E99E63-B60C-4A52-A71D-36D5C02C56D3}"
EndProject
Project("{9A19103F-16F7-4668-BE54-9A1E7A4F7556}") = "bam.encryption", "submodules\bam.encryption\bam.encryption\bam.encryption.csproj", "{D669FF57-AB33-4046-81A4-B61567A1F9E7}"
EndProject
Project("{9A19103F-16F7-4668-BE54-9A1E7A4F7556}") = "bam.generators", "submodules\bam.generators\bam.generators\bam.generators.csproj", "{671346D1-CCAE-460B-8C29-A7F1620ACBAE}"
EndProject
Project("{9A19103F-16F7-4668-BE54-9A1E7A4F7556}") = "bam.javascript", "submodules\bam.javascript\bam.javascript\bam.javascript.csproj", "{969A7232-78A2-4210-BCF8-FA4B4A69561D}"
EndProject
Project("{9A19103F-16F7-4668-BE54-9A1E7A4F7556}") = "bam.logging", "submodules\bam.logging\bam.logging\bam.logging.csproj", "{D27A08FF-F257-4622-AEC9-96F4B9C0FF44}"
EndProject
Project("{9A19103F-16F7-4668-BE54-9A1E7A4F7556}") = "bam.logging.counters", "submodules\bam.logging.counters\bam.logging.counters\bam.logging.counters.csproj", "{B0A9B88A-FB5E-4D3E-BDA1-32AD20F13E6F}"
EndProject
Project("{9A19103F-16F7-4668-BE54-9A1E7A4F7556}") = "bam.storage", "submodules\bam.storage\bam.storage\bam.storage.csproj", "{246ED331-1A8C-475A-A6BB-338AC98ACA83}"
EndProject
Project("{9A19103F-16F7-4668-BE54-9A1E7A4F7556}") = "bam.testing", "submodules\bam.testing\bam.testing\bam.testing.csproj", "{06836A7B-4201-4D2D-A36F-1A1A0E5F3B59}"
EndProject
Project("{9A19103F-16F7-4668-BE54-9A1E7A4F7556}") = "bam.useraccounts", "submodules\bam.useraccounts\bam.useraccounts\bam.useraccounts.csproj", "{1B5FD981-0D1B-4DF4-A3DD-BAA86101B409}"
EndProject
Project("{9A19103F-16F7-4668-BE54-9A1E7A4F7556}") = "bam.sys", "submodules\bam.sys\bam.sys\bam.sys.csproj", "{AF0E6E38-03AB-4312-BD86-9A688F704E4C}"
EndProject
Project("{2150E333-8FDC-42A3-9474-1A3956D46DE8}") = "tools", "tools", "{D7238B19-AA0A-4B2B-B411-F9E3C565DB5D}"
EndProject
Project("{2150E333-8FDC-42A3-9474-1A3956D46DE8}") = "bamtest", "bamtest", "{3D7354EB-2532-45C5-BE49-E5FC208429A9}"
EndProject
Project("{9A19103F-16F7-4668-BE54-9A1E7A4F7556}") = "bamtest", "submodules\bamtest\bamtest\bamtest.csproj", "{817E6A85-99C9-430A-80B5-6175406FCC25}"
EndProject
Project("{2150E333-8FDC-42A3-9474-1A3956D46DE8}") = "bamdb", "bamdb", "{059CE9D5-F5BF-4478-97B6-08A4CD8E41F2}"
EndProject
Project("{9A19103F-16F7-4668-BE54-9A1E7A4F7556}") = "bamdb", "submodules\bamdb\bamdb\bamdb.csproj", "{A3577E6B-F930-4148-BB09-F46C89768BA6}"
EndProject
Project("{2150E333-8FDC-42A3-9474-1A3956D46DE8}") = "bam.testing", "bam.testing", "{2DDC98DB-5468-4A6E-9264-A53248CDAFA9}"
EndProject
Project("{9A19103F-16F7-4668-BE54-9A1E7A4F7556}") = "bam.testing.tests", "..\bam.framework\submodules\bam.testing\bam.testing\Tests\bam.testing.tests\bam.testing.tests.csproj", "{FB7E271F-8382-49F2-B375-86B645146937}"
EndProject
Project("{9A19103F-16F7-4668-BE54-9A1E7A4F7556}") = "bam.sys.console", "submodules\bam.sys.console\bam.sys.console\bam.sys.console.csproj", "{FF90F321-ABAF-4172-86E1-CADF17A617C4}"
EndProject
Project("{FAE04EC0-301F-11D3-BF4B-00C04F79EFBC}") = "bam.sys.console.tests", "submodules\bam.sys.console\bam.sys.console.tests\bam.sys.console.tests\bam.sys.console.tests.csproj", "{7658D35D-6D15-4396-AB56-5A67FC677B73}"
EndProject
Project("{2150E333-8FDC-42A3-9474-1A3956D46DE8}") = "bam.sys", "bam.sys", "{4285E765-F9CE-4FBE-8F9C-109A0E6AD5DB}"
EndProject
Global
	GlobalSection(SolutionConfigurationPlatforms) = preSolution
		Debug|Any CPU = Debug|Any CPU
		Release|Any CPU = Release|Any CPU
	EndGlobalSection
	GlobalSection(ProjectConfigurationPlatforms) = postSolution
		{EA2E4ACD-72EF-456B-BC02-EF7FCF595F3C}.Debug|Any CPU.ActiveCfg = Debug|Any CPU
		{EA2E4ACD-72EF-456B-BC02-EF7FCF595F3C}.Debug|Any CPU.Build.0 = Debug|Any CPU
		{EA2E4ACD-72EF-456B-BC02-EF7FCF595F3C}.Release|Any CPU.ActiveCfg = Release|Any CPU
		{EA2E4ACD-72EF-456B-BC02-EF7FCF595F3C}.Release|Any CPU.Build.0 = Release|Any CPU
		{FD2CFCB4-4680-4AA9-AC61-B7F7FCF5561F}.Debug|Any CPU.ActiveCfg = Debug|Any CPU
		{FD2CFCB4-4680-4AA9-AC61-B7F7FCF5561F}.Debug|Any CPU.Build.0 = Debug|Any CPU
		{FD2CFCB4-4680-4AA9-AC61-B7F7FCF5561F}.Release|Any CPU.ActiveCfg = Release|Any CPU
		{FD2CFCB4-4680-4AA9-AC61-B7F7FCF5561F}.Release|Any CPU.Build.0 = Release|Any CPU
		{FAA3066F-4D79-4F06-B800-79E1FA1E41AB}.Debug|Any CPU.ActiveCfg = Debug|Any CPU
		{FAA3066F-4D79-4F06-B800-79E1FA1E41AB}.Debug|Any CPU.Build.0 = Debug|Any CPU
		{FAA3066F-4D79-4F06-B800-79E1FA1E41AB}.Release|Any CPU.ActiveCfg = Release|Any CPU
		{FAA3066F-4D79-4F06-B800-79E1FA1E41AB}.Release|Any CPU.Build.0 = Release|Any CPU
		{5E8CC36F-37FD-459B-B8E1-FE5C4E1088B2}.Debug|Any CPU.ActiveCfg = Debug|Any CPU
		{5E8CC36F-37FD-459B-B8E1-FE5C4E1088B2}.Debug|Any CPU.Build.0 = Debug|Any CPU
		{5E8CC36F-37FD-459B-B8E1-FE5C4E1088B2}.Release|Any CPU.ActiveCfg = Release|Any CPU
		{5E8CC36F-37FD-459B-B8E1-FE5C4E1088B2}.Release|Any CPU.Build.0 = Release|Any CPU
		{7C6C3CDE-5F32-4AE3-9FF6-EA35E4536642}.Debug|Any CPU.ActiveCfg = Debug|Any CPU
		{7C6C3CDE-5F32-4AE3-9FF6-EA35E4536642}.Debug|Any CPU.Build.0 = Debug|Any CPU
		{7C6C3CDE-5F32-4AE3-9FF6-EA35E4536642}.Release|Any CPU.ActiveCfg = Release|Any CPU
		{7C6C3CDE-5F32-4AE3-9FF6-EA35E4536642}.Release|Any CPU.Build.0 = Release|Any CPU
		{B6F5A435-D414-4862-8C54-2129304E2433}.Debug|Any CPU.ActiveCfg = Debug|Any CPU
		{B6F5A435-D414-4862-8C54-2129304E2433}.Debug|Any CPU.Build.0 = Debug|Any CPU
		{B6F5A435-D414-4862-8C54-2129304E2433}.Release|Any CPU.ActiveCfg = Release|Any CPU
		{B6F5A435-D414-4862-8C54-2129304E2433}.Release|Any CPU.Build.0 = Release|Any CPU
		{465ED0A0-CFFF-4A1A-8198-50AA3B1CE2C3}.Debug|Any CPU.ActiveCfg = Debug|Any CPU
		{465ED0A0-CFFF-4A1A-8198-50AA3B1CE2C3}.Debug|Any CPU.Build.0 = Debug|Any CPU
		{465ED0A0-CFFF-4A1A-8198-50AA3B1CE2C3}.Release|Any CPU.ActiveCfg = Release|Any CPU
		{465ED0A0-CFFF-4A1A-8198-50AA3B1CE2C3}.Release|Any CPU.Build.0 = Release|Any CPU
		{654772E4-4D96-4760-BA1F-D2B032247878}.Debug|Any CPU.ActiveCfg = Debug|Any CPU
		{654772E4-4D96-4760-BA1F-D2B032247878}.Debug|Any CPU.Build.0 = Debug|Any CPU
		{654772E4-4D96-4760-BA1F-D2B032247878}.Release|Any CPU.ActiveCfg = Release|Any CPU
		{654772E4-4D96-4760-BA1F-D2B032247878}.Release|Any CPU.Build.0 = Release|Any CPU
		{F03B0BA3-F53E-49F4-9D23-56383AB0F150}.Debug|Any CPU.ActiveCfg = Debug|Any CPU
		{F03B0BA3-F53E-49F4-9D23-56383AB0F150}.Debug|Any CPU.Build.0 = Debug|Any CPU
		{F03B0BA3-F53E-49F4-9D23-56383AB0F150}.Release|Any CPU.ActiveCfg = Release|Any CPU
		{F03B0BA3-F53E-49F4-9D23-56383AB0F150}.Release|Any CPU.Build.0 = Release|Any CPU
		{A6E99E63-B60C-4A52-A71D-36D5C02C56D3}.Debug|Any CPU.ActiveCfg = Debug|Any CPU
		{A6E99E63-B60C-4A52-A71D-36D5C02C56D3}.Debug|Any CPU.Build.0 = Debug|Any CPU
		{A6E99E63-B60C-4A52-A71D-36D5C02C56D3}.Release|Any CPU.ActiveCfg = Release|Any CPU
		{A6E99E63-B60C-4A52-A71D-36D5C02C56D3}.Release|Any CPU.Build.0 = Release|Any CPU
		{D669FF57-AB33-4046-81A4-B61567A1F9E7}.Debug|Any CPU.ActiveCfg = Debug|Any CPU
		{D669FF57-AB33-4046-81A4-B61567A1F9E7}.Debug|Any CPU.Build.0 = Debug|Any CPU
		{D669FF57-AB33-4046-81A4-B61567A1F9E7}.Release|Any CPU.ActiveCfg = Release|Any CPU
		{D669FF57-AB33-4046-81A4-B61567A1F9E7}.Release|Any CPU.Build.0 = Release|Any CPU
		{671346D1-CCAE-460B-8C29-A7F1620ACBAE}.Debug|Any CPU.ActiveCfg = Debug|Any CPU
		{671346D1-CCAE-460B-8C29-A7F1620ACBAE}.Debug|Any CPU.Build.0 = Debug|Any CPU
		{671346D1-CCAE-460B-8C29-A7F1620ACBAE}.Release|Any CPU.ActiveCfg = Release|Any CPU
		{671346D1-CCAE-460B-8C29-A7F1620ACBAE}.Release|Any CPU.Build.0 = Release|Any CPU
		{969A7232-78A2-4210-BCF8-FA4B4A69561D}.Debug|Any CPU.ActiveCfg = Debug|Any CPU
		{969A7232-78A2-4210-BCF8-FA4B4A69561D}.Debug|Any CPU.Build.0 = Debug|Any CPU
		{969A7232-78A2-4210-BCF8-FA4B4A69561D}.Release|Any CPU.ActiveCfg = Release|Any CPU
		{969A7232-78A2-4210-BCF8-FA4B4A69561D}.Release|Any CPU.Build.0 = Release|Any CPU
		{D27A08FF-F257-4622-AEC9-96F4B9C0FF44}.Debug|Any CPU.ActiveCfg = Debug|Any CPU
		{D27A08FF-F257-4622-AEC9-96F4B9C0FF44}.Debug|Any CPU.Build.0 = Debug|Any CPU
		{D27A08FF-F257-4622-AEC9-96F4B9C0FF44}.Release|Any CPU.ActiveCfg = Release|Any CPU
		{D27A08FF-F257-4622-AEC9-96F4B9C0FF44}.Release|Any CPU.Build.0 = Release|Any CPU
		{B0A9B88A-FB5E-4D3E-BDA1-32AD20F13E6F}.Debug|Any CPU.ActiveCfg = Debug|Any CPU
		{B0A9B88A-FB5E-4D3E-BDA1-32AD20F13E6F}.Debug|Any CPU.Build.0 = Debug|Any CPU
		{B0A9B88A-FB5E-4D3E-BDA1-32AD20F13E6F}.Release|Any CPU.ActiveCfg = Release|Any CPU
		{B0A9B88A-FB5E-4D3E-BDA1-32AD20F13E6F}.Release|Any CPU.Build.0 = Release|Any CPU
		{246ED331-1A8C-475A-A6BB-338AC98ACA83}.Debug|Any CPU.ActiveCfg = Debug|Any CPU
		{246ED331-1A8C-475A-A6BB-338AC98ACA83}.Debug|Any CPU.Build.0 = Debug|Any CPU
		{246ED331-1A8C-475A-A6BB-338AC98ACA83}.Release|Any CPU.ActiveCfg = Release|Any CPU
		{246ED331-1A8C-475A-A6BB-338AC98ACA83}.Release|Any CPU.Build.0 = Release|Any CPU
		{06836A7B-4201-4D2D-A36F-1A1A0E5F3B59}.Debug|Any CPU.ActiveCfg = Debug|Any CPU
		{06836A7B-4201-4D2D-A36F-1A1A0E5F3B59}.Debug|Any CPU.Build.0 = Debug|Any CPU
		{06836A7B-4201-4D2D-A36F-1A1A0E5F3B59}.Release|Any CPU.ActiveCfg = Release|Any CPU
		{06836A7B-4201-4D2D-A36F-1A1A0E5F3B59}.Release|Any CPU.Build.0 = Release|Any CPU
		{1B5FD981-0D1B-4DF4-A3DD-BAA86101B409}.Debug|Any CPU.ActiveCfg = Debug|Any CPU
		{1B5FD981-0D1B-4DF4-A3DD-BAA86101B409}.Debug|Any CPU.Build.0 = Debug|Any CPU
		{1B5FD981-0D1B-4DF4-A3DD-BAA86101B409}.Release|Any CPU.ActiveCfg = Release|Any CPU
		{1B5FD981-0D1B-4DF4-A3DD-BAA86101B409}.Release|Any CPU.Build.0 = Release|Any CPU
		{AF0E6E38-03AB-4312-BD86-9A688F704E4C}.Debug|Any CPU.ActiveCfg = Debug|Any CPU
		{AF0E6E38-03AB-4312-BD86-9A688F704E4C}.Debug|Any CPU.Build.0 = Debug|Any CPU
		{AF0E6E38-03AB-4312-BD86-9A688F704E4C}.Release|Any CPU.ActiveCfg = Release|Any CPU
		{AF0E6E38-03AB-4312-BD86-9A688F704E4C}.Release|Any CPU.Build.0 = Release|Any CPU
		{817E6A85-99C9-430A-80B5-6175406FCC25}.Debug|Any CPU.ActiveCfg = Debug|Any CPU
		{817E6A85-99C9-430A-80B5-6175406FCC25}.Debug|Any CPU.Build.0 = Debug|Any CPU
		{817E6A85-99C9-430A-80B5-6175406FCC25}.Release|Any CPU.ActiveCfg = Release|Any CPU
		{817E6A85-99C9-430A-80B5-6175406FCC25}.Release|Any CPU.Build.0 = Release|Any CPU
		{A3577E6B-F930-4148-BB09-F46C89768BA6}.Debug|Any CPU.ActiveCfg = Debug|Any CPU
		{A3577E6B-F930-4148-BB09-F46C89768BA6}.Debug|Any CPU.Build.0 = Debug|Any CPU
		{A3577E6B-F930-4148-BB09-F46C89768BA6}.Release|Any CPU.ActiveCfg = Release|Any CPU
		{A3577E6B-F930-4148-BB09-F46C89768BA6}.Release|Any CPU.Build.0 = Release|Any CPU
		{FB7E271F-8382-49F2-B375-86B645146937}.Debug|Any CPU.ActiveCfg = Debug|Any CPU
		{FB7E271F-8382-49F2-B375-86B645146937}.Debug|Any CPU.Build.0 = Debug|Any CPU
		{FB7E271F-8382-49F2-B375-86B645146937}.Release|Any CPU.ActiveCfg = Release|Any CPU
		{FB7E271F-8382-49F2-B375-86B645146937}.Release|Any CPU.Build.0 = Release|Any CPU
		{FF90F321-ABAF-4172-86E1-CADF17A617C4}.Debug|Any CPU.ActiveCfg = Debug|Any CPU
		{FF90F321-ABAF-4172-86E1-CADF17A617C4}.Debug|Any CPU.Build.0 = Debug|Any CPU
		{FF90F321-ABAF-4172-86E1-CADF17A617C4}.Release|Any CPU.ActiveCfg = Release|Any CPU
		{FF90F321-ABAF-4172-86E1-CADF17A617C4}.Release|Any CPU.Build.0 = Release|Any CPU
		{7658D35D-6D15-4396-AB56-5A67FC677B73}.Debug|Any CPU.ActiveCfg = Debug|Any CPU
		{7658D35D-6D15-4396-AB56-5A67FC677B73}.Debug|Any CPU.Build.0 = Debug|Any CPU
		{7658D35D-6D15-4396-AB56-5A67FC677B73}.Release|Any CPU.ActiveCfg = Release|Any CPU
		{7658D35D-6D15-4396-AB56-5A67FC677B73}.Release|Any CPU.Build.0 = Release|Any CPU
	EndGlobalSection
	GlobalSection(SolutionProperties) = preSolution
		HideSolutionNode = FALSE
	EndGlobalSection
	GlobalSection(NestedProjects) = preSolution
		{EA2E4ACD-72EF-456B-BC02-EF7FCF595F3C} = {D7238B19-AA0A-4B2B-B411-F9E3C565DB5D}
		{FD2CFCB4-4680-4AA9-AC61-B7F7FCF5561F} = {AE19C89E-37FD-4B04-AAA3-C482619D5F6A}
		{FAA3066F-4D79-4F06-B800-79E1FA1E41AB} = {AE19C89E-37FD-4B04-AAA3-C482619D5F6A}
		{5E8CC36F-37FD-459B-B8E1-FE5C4E1088B2} = {AE19C89E-37FD-4B04-AAA3-C482619D5F6A}
		{7C6C3CDE-5F32-4AE3-9FF6-EA35E4536642} = {AE19C89E-37FD-4B04-AAA3-C482619D5F6A}
		{B6F5A435-D414-4862-8C54-2129304E2433} = {AE19C89E-37FD-4B04-AAA3-C482619D5F6A}
		{465ED0A0-CFFF-4A1A-8198-50AA3B1CE2C3} = {AE19C89E-37FD-4B04-AAA3-C482619D5F6A}
		{654772E4-4D96-4760-BA1F-D2B032247878} = {AE19C89E-37FD-4B04-AAA3-C482619D5F6A}
		{F03B0BA3-F53E-49F4-9D23-56383AB0F150} = {AE19C89E-37FD-4B04-AAA3-C482619D5F6A}
		{A6E99E63-B60C-4A52-A71D-36D5C02C56D3} = {AE19C89E-37FD-4B04-AAA3-C482619D5F6A}
		{D669FF57-AB33-4046-81A4-B61567A1F9E7} = {AE19C89E-37FD-4B04-AAA3-C482619D5F6A}
		{671346D1-CCAE-460B-8C29-A7F1620ACBAE} = {AE19C89E-37FD-4B04-AAA3-C482619D5F6A}
		{969A7232-78A2-4210-BCF8-FA4B4A69561D} = {AE19C89E-37FD-4B04-AAA3-C482619D5F6A}
		{D27A08FF-F257-4622-AEC9-96F4B9C0FF44} = {AE19C89E-37FD-4B04-AAA3-C482619D5F6A}
		{B0A9B88A-FB5E-4D3E-BDA1-32AD20F13E6F} = {AE19C89E-37FD-4B04-AAA3-C482619D5F6A}
		{246ED331-1A8C-475A-A6BB-338AC98ACA83} = {AE19C89E-37FD-4B04-AAA3-C482619D5F6A}
		{06836A7B-4201-4D2D-A36F-1A1A0E5F3B59} = {2DDC98DB-5468-4A6E-9264-A53248CDAFA9}
		{1B5FD981-0D1B-4DF4-A3DD-BAA86101B409} = {AE19C89E-37FD-4B04-AAA3-C482619D5F6A}
		{AF0E6E38-03AB-4312-BD86-9A688F704E4C} = {4285E765-F9CE-4FBE-8F9C-109A0E6AD5DB}
		{3D7354EB-2532-45C5-BE49-E5FC208429A9} = {D7238B19-AA0A-4B2B-B411-F9E3C565DB5D}
		{817E6A85-99C9-430A-80B5-6175406FCC25} = {3D7354EB-2532-45C5-BE49-E5FC208429A9}
		{059CE9D5-F5BF-4478-97B6-08A4CD8E41F2} = {D7238B19-AA0A-4B2B-B411-F9E3C565DB5D}
		{A3577E6B-F930-4148-BB09-F46C89768BA6} = {059CE9D5-F5BF-4478-97B6-08A4CD8E41F2}
		{2DDC98DB-5468-4A6E-9264-A53248CDAFA9} = {AE19C89E-37FD-4B04-AAA3-C482619D5F6A}
		{FB7E271F-8382-49F2-B375-86B645146937} = {2DDC98DB-5468-4A6E-9264-A53248CDAFA9}
		{FF90F321-ABAF-4172-86E1-CADF17A617C4} = {4285E765-F9CE-4FBE-8F9C-109A0E6AD5DB}
		{7658D35D-6D15-4396-AB56-5A67FC677B73} = {4285E765-F9CE-4FBE-8F9C-109A0E6AD5DB}
		{4285E765-F9CE-4FBE-8F9C-109A0E6AD5DB} = {AE19C89E-37FD-4B04-AAA3-C482619D5F6A}
	EndGlobalSection
	GlobalSection(ExtensibilityGlobals) = postSolution
		SolutionGuid = {128B88FB-74C7-4070-AD2C-1D67B387BD42}
	EndGlobalSection
EndGlobal
