
Microsoft Visual Studio Solution File, Format Version 12.00
# Visual Studio Version 17
VisualStudioVersion = 17.7.34018.315
MinimumVisualStudioVersion = 10.0.40219.1
Project("{9A19103F-16F7-4668-BE54-9A1E7A4F7556}") = "bam", "bam\bam.csproj", "{EA2E4ACD-72EF-456B-BC02-EF7FCF595F3C}"
EndProject
Project("{2150E333-8FDC-42A3-9474-1A3956D46DE8}") = "framework", "framework", "{AE19C89E-37FD-4B04-AAA3-C482619D5F6A}"
EndProject
Project("{9A19103F-16F7-4668-BE54-9A1E7A4F7556}") = "bam.base", "submodules\bam.base\bam.base\bam.base.csproj", "{FD2CFCB4-4680-4AA9-AC61-B7F7FCF5561F}"
EndProject
Project("{9A19103F-16F7-4668-BE54-9A1E7A4F7556}") = "bam.base.services", "submodules\bam.base.services\bam.base.services\bam.base.services.csproj", "{FAA3066F-4D79-4F06-B800-79E1FA1E41AB}"
EndProject
Project("{9A19103F-16F7-4668-BE54-9A1E7A4F7556}") = "bam.caching", "submodules\bam.caching\bam.caching\bam.caching.csproj", "{5E8CC36F-37FD-459B-B8E1-FE5C4E1088B2}"
EndProject
Project("{9A19103F-16F7-4668-BE54-9A1E7A4F7556}") = "bam.commandline", "submodules\bam.commandline\bam.commandline\bam.commandline.csproj", "{7C6C3CDE-5F32-4AE3-9FF6-EA35E4536642}"
EndProject
Project("{9A19103F-16F7-4668-BE54-9A1E7A4F7556}") = "bam.configuration", "submodules\bam.configuration\bam.configuration\bam.configuration.csproj", "{B6F5A435-D414-4862-8C54-2129304E2433}"
EndProject
Project("{9A19103F-16F7-4668-BE54-9A1E7A4F7556}") = "bam.data", "submodules\bam.data\bam.data\bam.data.csproj", "{465ED0A0-CFFF-4A1A-8198-50AA3B1CE2C3}"
EndProject
Project("{9A19103F-16F7-4668-BE54-9A1E7A4F7556}") = "bam.data.backup", "submodules\bam.data.backup\bam.data.backup\bam.data.backup.csproj", "{654772E4-4D96-4760-BA1F-D2B032247878}"
EndProject
Project("{9A19103F-16F7-4668-BE54-9A1E7A4F7556}") = "bam.data.repositories", "submodules\bam.data.repositories\bam.data.repositories\bam.data.repositories.csproj", "{F03B0BA3-F53E-49F4-9D23-56383AB0F150}"
EndProject
Project("{9A19103F-16F7-4668-BE54-9A1E7A4F7556}") = "bam.data.schema", "submodules\bam.data.schema\bam.data.schema\bam.data.schema.csproj", "{A6E99E63-B60C-4A52-A71D-36D5C02C56D3}"
EndProject
Project("{9A19103F-16F7-4668-BE54-9A1E7A4F7556}") = "bam.encryption", "submodules\bam.encryption\bam.encryption\bam.encryption.csproj", "{D669FF57-AB33-4046-81A4-B61567A1F9E7}"
EndProject
Project("{9A19103F-16F7-4668-BE54-9A1E7A4F7556}") = "bam.generators", "submodules\bam.generators\bam.generators\bam.generators.csproj", "{671346D1-CCAE-460B-8C29-A7F1620ACBAE}"
EndProject
Project("{9A19103F-16F7-4668-BE54-9A1E7A4F7556}") = "bam.javascript", "submodules\bam.javascript\bam.javascript\bam.javascript.csproj", "{969A7232-78A2-4210-BCF8-FA4B4A69561D}"
EndProject
Project("{9A19103F-16F7-4668-BE54-9A1E7A4F7556}") = "bam.logging", "submodules\bam.logging\bam.logging\bam.logging.csproj", "{D27A08FF-F257-4622-AEC9-96F4B9C0FF44}"
EndProject
Project("{9A19103F-16F7-4668-BE54-9A1E7A4F7556}") = "bam.logging.counters", "submodules\bam.logging.counters\bam.logging.counters\bam.logging.counters.csproj", "{B0A9B88A-FB5E-4D3E-BDA1-32AD20F13E6F}"
EndProject
Project("{9A19103F-16F7-4668-BE54-9A1E7A4F7556}") = "bam.storage", "submodules\bam.storage\bam.storage\bam.storage.csproj", "{246ED331-1A8C-475A-A6BB-338AC98ACA83}"
EndProject
Project("{9A19103F-16F7-4668-BE54-9A1E7A4F7556}") = "bam.testing", "submodules\bam.testing\bam.testing\bam.testing.csproj", "{06836A7B-4201-4D2D-A36F-1A1A0E5F3B59}"
EndProject
Project("{9A19103F-16F7-4668-BE54-9A1E7A4F7556}") = "bam.useraccounts", "submodules\bam.useraccounts\bam.useraccounts\bam.useraccounts.csproj", "{1B5FD981-0D1B-4DF4-A3DD-BAA86101B409}"
EndProject
Project("{2150E333-8FDC-42A3-9474-1A3956D46DE8}") = "tools", "tools", "{D7238B19-AA0A-4B2B-B411-F9E3C565DB5D}"
EndProject
Project("{2150E333-8FDC-42A3-9474-1A3956D46DE8}") = "bamtest", "bamtest", "{3D7354EB-2532-45C5-BE49-E5FC208429A9}"
EndProject
Project("{9A19103F-16F7-4668-BE54-9A1E7A4F7556}") = "bamtest", "submodules\bamtest\bamtest\bamtest.csproj", "{817E6A85-99C9-430A-80B5-6175406FCC25}"
EndProject
Project("{2150E333-8FDC-42A3-9474-1A3956D46DE8}") = "bamdb", "bamdb", "{059CE9D5-F5BF-4478-97B6-08A4CD8E41F2}"
EndProject
Project("{9A19103F-16F7-4668-BE54-9A1E7A4F7556}") = "bamdb", "submodules\bamdb\bamdb\bamdb.csproj", "{A3577E6B-F930-4148-BB09-F46C89768BA6}"
EndProject
Project("{2150E333-8FDC-42A3-9474-1A3956D46DE8}") = "bam.testing", "bam.testing", "{2DDC98DB-5468-4A6E-9264-A53248CDAFA9}"
EndProject
Project("{9A19103F-16F7-4668-BE54-9A1E7A4F7556}") = "bam.automation", "submodules\bam.automation\bam.automation\bam.automation.csproj", "{E4030A2A-40C9-491A-89DD-6669D59FE7F0}"
EndProject
Project("{2150E333-8FDC-42A3-9474-1A3956D46DE8}") = "bam.console", "bam.console", "{13B31AC4-CEF6-41F5-904A-570D1DBDA2AC}"
EndProject
Project("{9A19103F-16F7-4668-BE54-9A1E7A4F7556}") = "bam.console", "submodules\bam.console\bam.console\bam.console.csproj", "{8B25E6BB-DCF1-4DC9-8042-A61829FF08CC}"
EndProject
Project("{9A19103F-16F7-4668-BE54-9A1E7A4F7556}") = "bam.console.tests", "submodules\bam.console\bam.console.tests\bam.sys.console.tests\bam.console.tests.csproj", "{3E20DEA1-62FB-4E7A-A75B-BFAFC40DAF54}"
EndProject
Project("{2150E333-8FDC-42A3-9474-1A3956D46DE8}") = "bam.shell", "bam.shell", "{2A564E35-633C-420A-A653-574DE4558A78}"
EndProject
Project("{9A19103F-16F7-4668-BE54-9A1E7A4F7556}") = "bam.shell", "submodules\bam.shell\bam.shell\bam.shell.csproj", "{60BE9950-FAA6-48B6-8602-6E82927E12CE}"
EndProject
Project("{2150E333-8FDC-42A3-9474-1A3956D46DE8}") = "obsolete", "obsolete", "{CA778291-6941-4379-A815-BFD7C1D0EE48}"
EndProject
Project("{2150E333-8FDC-42A3-9474-1A3956D46DE8}") = "bam.automation", "bam.automation", "{CB8722E6-65C1-4DBA-9AC5-A90E255E157B}"
EndProject
Project("{2150E333-8FDC-42A3-9474-1A3956D46DE8}") = "bam.base", "bam.base", "{D1F91E7A-CCCB-47A9-B032-82C5D315D305}"
EndProject
Project("{2150E333-8FDC-42A3-9474-1A3956D46DE8}") = "bam.data", "bam.data", "{008633D5-BA95-4023-9CB4-C138D85AA712}"
EndProject
Project("{2150E333-8FDC-42A3-9474-1A3956D46DE8}") = "bam.generators", "bam.generators", "{221815DB-63C6-423F-A6E3-BBCBB0498C8B}"
EndProject
Project("{9A19103F-16F7-4668-BE54-9A1E7A4F7556}") = "bam.generators.tests", "submodules\bam.generators\bam.generators.tests\bam.generators.tests.csproj", "{DE96EBB8-44CF-41C8-8A2B-EA2980FE381C}"
EndProject
Project("{2150E333-8FDC-42A3-9474-1A3956D46DE8}") = "bam.data.schema", "bam.data.schema", "{63AA43AE-6851-4022-B232-64302A468542}"
EndProject
Project("{9A19103F-16F7-4668-BE54-9A1E7A4F7556}") = "bam.base.tests", "submodules\bam.base\bam.base.tests\bam.base.tests.csproj", "{6B4750D6-1281-463F-910B-9093BD75618B}"
EndProject
Project("{9A19103F-16F7-4668-BE54-9A1E7A4F7556}") = "bam.data.schema.tests", "submodules\bam.data.schema\bam.data.schema.tests\bam.data.schema.tests.csproj", "{1CE4A2B1-F6FB-49F4-A074-99C31BF91B10}"
EndProject
Project("{2150E333-8FDC-42A3-9474-1A3956D46DE8}") = "bam.data.repositories", "bam.data.repositories", "{AFA4FE74-59A0-45E7-92EF-806858BD1BDB}"
EndProject
Project("{2150E333-8FDC-42A3-9474-1A3956D46DE8}") = "bam.base.services", "bam.base.services", "{00CA5E7D-9BCF-42EF-B6FB-2F080F060AD0}"
EndProject
Project("{2150E333-8FDC-42A3-9474-1A3956D46DE8}") = "bam.caching", "bam.caching", "{09502115-689D-434A-89E1-AA7E6CACCB62}"
EndProject
Project("{2150E333-8FDC-42A3-9474-1A3956D46DE8}") = "bam.configuration", "bam.configuration", "{99B68012-5455-4731-96DE-5815959A9BB5}"
EndProject
Project("{2150E333-8FDC-42A3-9474-1A3956D46DE8}") = "bam.application", "bam.application", "{2A0A8FD6-7D67-4036-A9B9-0BD51F0E3119}"
EndProject
Project("{9A19103F-16F7-4668-BE54-9A1E7A4F7556}") = "bam.application", "submodules\bam.application\bam.application\bam.application.csproj", "{CF62829D-A445-4004-89FF-B165146B48D0}"
EndProject
Project("{9A19103F-16F7-4668-BE54-9A1E7A4F7556}") = "bamdb.tests", "submodules\bamdb\bamdb.tests\bamdb.tests.csproj", "{85684B75-A345-4449-8D85-8C20C63E9C08}"
EndProject
Project("{2150E333-8FDC-42A3-9474-1A3956D46DE8}") = "bam.data.backup", "bam.data.backup", "{582E1997-3577-4A15-838C-A6463389C5AF}"
EndProject
Project("{2150E333-8FDC-42A3-9474-1A3956D46DE8}") = "bam.encryption", "bam.encryption", "{28469DE0-1848-4F68-A2EC-30EE63EF2CF6}"
EndProject
Project("{2150E333-8FDC-42A3-9474-1A3956D46DE8}") = "bam.remote", "bam.remote", "{449BCE9D-E427-4F33-B5FC-FABDE64BA93C}"
EndProject
Project("{2150E333-8FDC-42A3-9474-1A3956D46DE8}") = "bam.javascript", "bam.javascript", "{9D2FE26A-73F2-489A-94CF-77717D62195B}"
EndProject
Project("{9A19103F-16F7-4668-BE54-9A1E7A4F7556}") = "bam.remote", "submodules\bam.remote\bam.remote.csproj", "{CE81777E-3BE4-4A17-9E2B-4CD986E5053E}"
EndProject
Project("{2150E333-8FDC-42A3-9474-1A3956D46DE8}") = "bam.logging", "bam.logging", "{63FFBECE-C55F-4FDB-8C0C-5C0AABBAF6AD}"
EndProject
Project("{2150E333-8FDC-42A3-9474-1A3956D46DE8}") = "bambot", "bambot", "{B602A72F-392D-470E-B354-84B0CC5F0FD4}"
EndProject
Project("{9A19103F-16F7-4668-BE54-9A1E7A4F7556}") = "bambot", "submodules\bambot\bambot.csproj", "{04A9BDB4-55FE-4C50-87B3-BB02D9FEB95B}"
EndProject
Project("{2150E333-8FDC-42A3-9474-1A3956D46DE8}") = "bam.command", "bam.command", "{682D3F2A-479C-43A7-8EAF-EA6443B57468}"
EndProject
Project("{9A19103F-16F7-4668-BE54-9A1E7A4F7556}") = "bam.command", "submodules\bam.command\bam.command\bam.command.csproj", "{A8AD4F89-2473-458B-8A68-8CB2EE438079}"
EndProject
Project("{2150E333-8FDC-42A3-9474-1A3956D46DE8}") = "bamsvc", "bamsvc", "{D0455112-A5FB-4786-9380-238062F2866C}"
EndProject
Project("{9A19103F-16F7-4668-BE54-9A1E7A4F7556}") = "bamsvc", "submodules\bamsvc\bamsvc\bamsvc.csproj", "{2144E77F-6FEF-4405-B85F-5FC8BC946C22}"
EndProject
Project("{2150E333-8FDC-42A3-9474-1A3956D46DE8}") = "bam.services", "bam.services", "{CF10E06C-0A1B-49C4-B0F9-F8F9A0C65355}"
EndProject
Project("{9A19103F-16F7-4668-BE54-9A1E7A4F7556}") = "bam.services", "submodules\bam.services\bam.services\bam.services.csproj", "{57436319-4079-4CC7-9A15-434C352E0EF7}"
EndProject
Project("{9A19103F-16F7-4668-BE54-9A1E7A4F7556}") = "bam.tests", "bam.tests\bam.tests.csproj", "{04104079-FF9D-4A29-A162-5E279698D13E}"
EndProject
Project("{2150E333-8FDC-42A3-9474-1A3956D46DE8}") = "bam.data.dynamic", "bam.data.dynamic", "{8B28D38B-A631-4E7A-B4BE-117DA714D4CF}"
EndProject
Project("{9A19103F-16F7-4668-BE54-9A1E7A4F7556}") = "bam.data.dynamic", "submodules\bam.data.dynamic\bam.data.dynamic\bam.data.dynamic.csproj", "{951D4E83-A25C-4C9E-A3BF-B3836A97294F}"
EndProject
Project("{9A19103F-16F7-4668-BE54-9A1E7A4F7556}") = "bam.shell.tests", "submodules\bam.shell\bam.shell.tests\bam.shell.tests.csproj", "{93BB9121-AB47-44BB-A475-FDA5B4C476C2}"
EndProject
Project("{9A19103F-16F7-4668-BE54-9A1E7A4F7556}") = "bam.command.tests", "submodules\bam.command\bam.command.tests\bam.command.tests.csproj", "{43C585FC-7DD1-4551-8547-C97453D6554C}"
EndProject
Project("{9A19103F-16F7-4668-BE54-9A1E7A4F7556}") = "bam.data.mssql", "submodules\bam.data\bam.data.mssql\bam.data.mssql.csproj", "{83C91953-91B0-4F04-B57C-3AF7040F7A5E}"
EndProject
Project("{9A19103F-16F7-4668-BE54-9A1E7A4F7556}") = "bam.data.config", "submodules\bam.data\bam.data.config\bam.data.config.csproj", "{29580C3E-44F7-46BA-9018-80CB493608DC}"
EndProject
Project("{9A19103F-16F7-4668-BE54-9A1E7A4F7556}") = "bam.data.postgres", "submodules\bam.data\bam.data.postgres\bam.data.postgres.csproj", "{FD1FADE7-F364-4AC7-8B15-8C072479376C}"
EndProject
Project("{9A19103F-16F7-4668-BE54-9A1E7A4F7556}") = "bam.data.mysql", "submodules\bam.data\bam.data.mysql\bam.data.mysql.csproj", "{D6A16801-ABFD-4707-94ED-8BF4A5EBD3D6}"
EndProject
Project("{9A19103F-16F7-4668-BE54-9A1E7A4F7556}") = "bam.data.oracle", "submodules\bam.data\bam.data.oracle\bam.data.oracle.csproj", "{E773B8A5-AD19-4B2A-BCF3-74642A478A1A}"
EndProject
Project("{9A19103F-16F7-4668-BE54-9A1E7A4F7556}") = "bam.data.firebird", "submodules\bam.data\bam.data.firebird\bam.data.firebird.csproj", "{85F9920C-99EA-4745-AFB5-776B66BBCF3F}"
EndProject
Project("{2150E333-8FDC-42A3-9474-1A3956D46DE8}") = "bam.server", "bam.server", "{EE3E7322-5796-41AE-B092-D19AFAFF1F83}"
EndProject
Project("{9A19103F-16F7-4668-BE54-9A1E7A4F7556}") = "bam.server", "submodules\bam.server\bam.server\bam.server.csproj", "{394DDF89-5A4E-43D0-9808-F917A335F77F}"
EndProject
Project("{2150E333-8FDC-42A3-9474-1A3956D46DE8}") = "bam.openapi", "bam.openapi", "{0BB93F4E-B47B-4B4B-B386-8E21073EE311}"
EndProject
Project("{FAE04EC0-301F-11D3-BF4B-00C04F79EFBC}") = "bam.openapi", "submodules\bam.openapi\bam.openapi\bam.openapi.csproj", "{F31311AB-AD73-47DE-B510-D22E4410A2D8}"
EndProject
Global
	GlobalSection(SolutionConfigurationPlatforms) = preSolution
		Debug|Any CPU = Debug|Any CPU
		Release|Any CPU = Release|Any CPU
	EndGlobalSection
	GlobalSection(ProjectConfigurationPlatforms) = postSolution
		{EA2E4ACD-72EF-456B-BC02-EF7FCF595F3C}.Debug|Any CPU.ActiveCfg = Debug|Any CPU
		{EA2E4ACD-72EF-456B-BC02-EF7FCF595F3C}.Debug|Any CPU.Build.0 = Debug|Any CPU
		{EA2E4ACD-72EF-456B-BC02-EF7FCF595F3C}.Release|Any CPU.ActiveCfg = Release|Any CPU
		{EA2E4ACD-72EF-456B-BC02-EF7FCF595F3C}.Release|Any CPU.Build.0 = Release|Any CPU
		{FD2CFCB4-4680-4AA9-AC61-B7F7FCF5561F}.Debug|Any CPU.ActiveCfg = Debug|Any CPU
		{FD2CFCB4-4680-4AA9-AC61-B7F7FCF5561F}.Debug|Any CPU.Build.0 = Debug|Any CPU
		{FD2CFCB4-4680-4AA9-AC61-B7F7FCF5561F}.Release|Any CPU.ActiveCfg = Release|Any CPU
		{FD2CFCB4-4680-4AA9-AC61-B7F7FCF5561F}.Release|Any CPU.Build.0 = Release|Any CPU
		{FAA3066F-4D79-4F06-B800-79E1FA1E41AB}.Debug|Any CPU.ActiveCfg = Debug|Any CPU
		{FAA3066F-4D79-4F06-B800-79E1FA1E41AB}.Debug|Any CPU.Build.0 = Debug|Any CPU
		{FAA3066F-4D79-4F06-B800-79E1FA1E41AB}.Release|Any CPU.ActiveCfg = Release|Any CPU
		{FAA3066F-4D79-4F06-B800-79E1FA1E41AB}.Release|Any CPU.Build.0 = Release|Any CPU
		{5E8CC36F-37FD-459B-B8E1-FE5C4E1088B2}.Debug|Any CPU.ActiveCfg = Debug|Any CPU
		{5E8CC36F-37FD-459B-B8E1-FE5C4E1088B2}.Debug|Any CPU.Build.0 = Debug|Any CPU
		{5E8CC36F-37FD-459B-B8E1-FE5C4E1088B2}.Release|Any CPU.ActiveCfg = Release|Any CPU
		{5E8CC36F-37FD-459B-B8E1-FE5C4E1088B2}.Release|Any CPU.Build.0 = Release|Any CPU
		{7C6C3CDE-5F32-4AE3-9FF6-EA35E4536642}.Debug|Any CPU.ActiveCfg = Debug|Any CPU
		{7C6C3CDE-5F32-4AE3-9FF6-EA35E4536642}.Debug|Any CPU.Build.0 = Debug|Any CPU
		{7C6C3CDE-5F32-4AE3-9FF6-EA35E4536642}.Release|Any CPU.ActiveCfg = Release|Any CPU
		{7C6C3CDE-5F32-4AE3-9FF6-EA35E4536642}.Release|Any CPU.Build.0 = Release|Any CPU
		{B6F5A435-D414-4862-8C54-2129304E2433}.Debug|Any CPU.ActiveCfg = Debug|Any CPU
		{B6F5A435-D414-4862-8C54-2129304E2433}.Debug|Any CPU.Build.0 = Debug|Any CPU
		{B6F5A435-D414-4862-8C54-2129304E2433}.Release|Any CPU.ActiveCfg = Release|Any CPU
		{B6F5A435-D414-4862-8C54-2129304E2433}.Release|Any CPU.Build.0 = Release|Any CPU
		{465ED0A0-CFFF-4A1A-8198-50AA3B1CE2C3}.Debug|Any CPU.ActiveCfg = Debug|Any CPU
		{465ED0A0-CFFF-4A1A-8198-50AA3B1CE2C3}.Debug|Any CPU.Build.0 = Debug|Any CPU
		{465ED0A0-CFFF-4A1A-8198-50AA3B1CE2C3}.Release|Any CPU.ActiveCfg = Release|Any CPU
		{465ED0A0-CFFF-4A1A-8198-50AA3B1CE2C3}.Release|Any CPU.Build.0 = Release|Any CPU
		{654772E4-4D96-4760-BA1F-D2B032247878}.Debug|Any CPU.ActiveCfg = Debug|Any CPU
		{654772E4-4D96-4760-BA1F-D2B032247878}.Debug|Any CPU.Build.0 = Debug|Any CPU
		{654772E4-4D96-4760-BA1F-D2B032247878}.Release|Any CPU.ActiveCfg = Release|Any CPU
		{654772E4-4D96-4760-BA1F-D2B032247878}.Release|Any CPU.Build.0 = Release|Any CPU
		{F03B0BA3-F53E-49F4-9D23-56383AB0F150}.Debug|Any CPU.ActiveCfg = Debug|Any CPU
		{F03B0BA3-F53E-49F4-9D23-56383AB0F150}.Debug|Any CPU.Build.0 = Debug|Any CPU
		{F03B0BA3-F53E-49F4-9D23-56383AB0F150}.Release|Any CPU.ActiveCfg = Release|Any CPU
		{F03B0BA3-F53E-49F4-9D23-56383AB0F150}.Release|Any CPU.Build.0 = Release|Any CPU
		{A6E99E63-B60C-4A52-A71D-36D5C02C56D3}.Debug|Any CPU.ActiveCfg = Debug|Any CPU
		{A6E99E63-B60C-4A52-A71D-36D5C02C56D3}.Debug|Any CPU.Build.0 = Debug|Any CPU
		{A6E99E63-B60C-4A52-A71D-36D5C02C56D3}.Release|Any CPU.ActiveCfg = Release|Any CPU
		{A6E99E63-B60C-4A52-A71D-36D5C02C56D3}.Release|Any CPU.Build.0 = Release|Any CPU
		{D669FF57-AB33-4046-81A4-B61567A1F9E7}.Debug|Any CPU.ActiveCfg = Debug|Any CPU
		{D669FF57-AB33-4046-81A4-B61567A1F9E7}.Debug|Any CPU.Build.0 = Debug|Any CPU
		{D669FF57-AB33-4046-81A4-B61567A1F9E7}.Release|Any CPU.ActiveCfg = Release|Any CPU
		{D669FF57-AB33-4046-81A4-B61567A1F9E7}.Release|Any CPU.Build.0 = Release|Any CPU
		{671346D1-CCAE-460B-8C29-A7F1620ACBAE}.Debug|Any CPU.ActiveCfg = Debug|Any CPU
		{671346D1-CCAE-460B-8C29-A7F1620ACBAE}.Debug|Any CPU.Build.0 = Debug|Any CPU
		{671346D1-CCAE-460B-8C29-A7F1620ACBAE}.Release|Any CPU.ActiveCfg = Release|Any CPU
		{671346D1-CCAE-460B-8C29-A7F1620ACBAE}.Release|Any CPU.Build.0 = Release|Any CPU
		{969A7232-78A2-4210-BCF8-FA4B4A69561D}.Debug|Any CPU.ActiveCfg = Debug|Any CPU
		{969A7232-78A2-4210-BCF8-FA4B4A69561D}.Debug|Any CPU.Build.0 = Debug|Any CPU
		{969A7232-78A2-4210-BCF8-FA4B4A69561D}.Release|Any CPU.ActiveCfg = Release|Any CPU
		{969A7232-78A2-4210-BCF8-FA4B4A69561D}.Release|Any CPU.Build.0 = Release|Any CPU
		{D27A08FF-F257-4622-AEC9-96F4B9C0FF44}.Debug|Any CPU.ActiveCfg = Debug|Any CPU
		{D27A08FF-F257-4622-AEC9-96F4B9C0FF44}.Debug|Any CPU.Build.0 = Debug|Any CPU
		{D27A08FF-F257-4622-AEC9-96F4B9C0FF44}.Release|Any CPU.ActiveCfg = Release|Any CPU
		{D27A08FF-F257-4622-AEC9-96F4B9C0FF44}.Release|Any CPU.Build.0 = Release|Any CPU
		{B0A9B88A-FB5E-4D3E-BDA1-32AD20F13E6F}.Debug|Any CPU.ActiveCfg = Debug|Any CPU
		{B0A9B88A-FB5E-4D3E-BDA1-32AD20F13E6F}.Debug|Any CPU.Build.0 = Debug|Any CPU
		{B0A9B88A-FB5E-4D3E-BDA1-32AD20F13E6F}.Release|Any CPU.ActiveCfg = Release|Any CPU
		{B0A9B88A-FB5E-4D3E-BDA1-32AD20F13E6F}.Release|Any CPU.Build.0 = Release|Any CPU
		{246ED331-1A8C-475A-A6BB-338AC98ACA83}.Debug|Any CPU.ActiveCfg = Debug|Any CPU
		{246ED331-1A8C-475A-A6BB-338AC98ACA83}.Debug|Any CPU.Build.0 = Debug|Any CPU
		{246ED331-1A8C-475A-A6BB-338AC98ACA83}.Release|Any CPU.ActiveCfg = Release|Any CPU
		{246ED331-1A8C-475A-A6BB-338AC98ACA83}.Release|Any CPU.Build.0 = Release|Any CPU
		{06836A7B-4201-4D2D-A36F-1A1A0E5F3B59}.Debug|Any CPU.ActiveCfg = Debug|Any CPU
		{06836A7B-4201-4D2D-A36F-1A1A0E5F3B59}.Debug|Any CPU.Build.0 = Debug|Any CPU
		{06836A7B-4201-4D2D-A36F-1A1A0E5F3B59}.Release|Any CPU.ActiveCfg = Release|Any CPU
		{06836A7B-4201-4D2D-A36F-1A1A0E5F3B59}.Release|Any CPU.Build.0 = Release|Any CPU
		{1B5FD981-0D1B-4DF4-A3DD-BAA86101B409}.Debug|Any CPU.ActiveCfg = Debug|Any CPU
		{1B5FD981-0D1B-4DF4-A3DD-BAA86101B409}.Debug|Any CPU.Build.0 = Debug|Any CPU
		{1B5FD981-0D1B-4DF4-A3DD-BAA86101B409}.Release|Any CPU.ActiveCfg = Release|Any CPU
		{1B5FD981-0D1B-4DF4-A3DD-BAA86101B409}.Release|Any CPU.Build.0 = Release|Any CPU
		{817E6A85-99C9-430A-80B5-6175406FCC25}.Debug|Any CPU.ActiveCfg = Debug|Any CPU
		{817E6A85-99C9-430A-80B5-6175406FCC25}.Debug|Any CPU.Build.0 = Debug|Any CPU
		{817E6A85-99C9-430A-80B5-6175406FCC25}.Release|Any CPU.ActiveCfg = Release|Any CPU
		{817E6A85-99C9-430A-80B5-6175406FCC25}.Release|Any CPU.Build.0 = Release|Any CPU
		{A3577E6B-F930-4148-BB09-F46C89768BA6}.Debug|Any CPU.ActiveCfg = Debug|Any CPU
		{A3577E6B-F930-4148-BB09-F46C89768BA6}.Debug|Any CPU.Build.0 = Debug|Any CPU
		{A3577E6B-F930-4148-BB09-F46C89768BA6}.Release|Any CPU.ActiveCfg = Release|Any CPU
		{A3577E6B-F930-4148-BB09-F46C89768BA6}.Release|Any CPU.Build.0 = Release|Any CPU
		{E4030A2A-40C9-491A-89DD-6669D59FE7F0}.Debug|Any CPU.ActiveCfg = Debug|Any CPU
		{E4030A2A-40C9-491A-89DD-6669D59FE7F0}.Debug|Any CPU.Build.0 = Debug|Any CPU
		{E4030A2A-40C9-491A-89DD-6669D59FE7F0}.Release|Any CPU.ActiveCfg = Release|Any CPU
		{E4030A2A-40C9-491A-89DD-6669D59FE7F0}.Release|Any CPU.Build.0 = Release|Any CPU
		{8B25E6BB-DCF1-4DC9-8042-A61829FF08CC}.Debug|Any CPU.ActiveCfg = Debug|Any CPU
		{8B25E6BB-DCF1-4DC9-8042-A61829FF08CC}.Debug|Any CPU.Build.0 = Debug|Any CPU
		{8B25E6BB-DCF1-4DC9-8042-A61829FF08CC}.Release|Any CPU.ActiveCfg = Release|Any CPU
		{8B25E6BB-DCF1-4DC9-8042-A61829FF08CC}.Release|Any CPU.Build.0 = Release|Any CPU
		{3E20DEA1-62FB-4E7A-A75B-BFAFC40DAF54}.Debug|Any CPU.ActiveCfg = Debug|Any CPU
		{3E20DEA1-62FB-4E7A-A75B-BFAFC40DAF54}.Debug|Any CPU.Build.0 = Debug|Any CPU
		{3E20DEA1-62FB-4E7A-A75B-BFAFC40DAF54}.Release|Any CPU.ActiveCfg = Release|Any CPU
		{3E20DEA1-62FB-4E7A-A75B-BFAFC40DAF54}.Release|Any CPU.Build.0 = Release|Any CPU
		{60BE9950-FAA6-48B6-8602-6E82927E12CE}.Debug|Any CPU.ActiveCfg = Debug|Any CPU
		{60BE9950-FAA6-48B6-8602-6E82927E12CE}.Debug|Any CPU.Build.0 = Debug|Any CPU
		{60BE9950-FAA6-48B6-8602-6E82927E12CE}.Release|Any CPU.ActiveCfg = Release|Any CPU
		{60BE9950-FAA6-48B6-8602-6E82927E12CE}.Release|Any CPU.Build.0 = Release|Any CPU
		{DE96EBB8-44CF-41C8-8A2B-EA2980FE381C}.Debug|Any CPU.ActiveCfg = Debug|Any CPU
		{DE96EBB8-44CF-41C8-8A2B-EA2980FE381C}.Debug|Any CPU.Build.0 = Debug|Any CPU
		{DE96EBB8-44CF-41C8-8A2B-EA2980FE381C}.Release|Any CPU.ActiveCfg = Release|Any CPU
		{DE96EBB8-44CF-41C8-8A2B-EA2980FE381C}.Release|Any CPU.Build.0 = Release|Any CPU
		{6B4750D6-1281-463F-910B-9093BD75618B}.Debug|Any CPU.ActiveCfg = Debug|Any CPU
		{6B4750D6-1281-463F-910B-9093BD75618B}.Debug|Any CPU.Build.0 = Debug|Any CPU
		{6B4750D6-1281-463F-910B-9093BD75618B}.Release|Any CPU.ActiveCfg = Release|Any CPU
		{6B4750D6-1281-463F-910B-9093BD75618B}.Release|Any CPU.Build.0 = Release|Any CPU
		{1CE4A2B1-F6FB-49F4-A074-99C31BF91B10}.Debug|Any CPU.ActiveCfg = Debug|Any CPU
		{1CE4A2B1-F6FB-49F4-A074-99C31BF91B10}.Debug|Any CPU.Build.0 = Debug|Any CPU
		{1CE4A2B1-F6FB-49F4-A074-99C31BF91B10}.Release|Any CPU.ActiveCfg = Release|Any CPU
		{1CE4A2B1-F6FB-49F4-A074-99C31BF91B10}.Release|Any CPU.Build.0 = Release|Any CPU
		{CF62829D-A445-4004-89FF-B165146B48D0}.Debug|Any CPU.ActiveCfg = Debug|Any CPU
		{CF62829D-A445-4004-89FF-B165146B48D0}.Debug|Any CPU.Build.0 = Debug|Any CPU
		{CF62829D-A445-4004-89FF-B165146B48D0}.Release|Any CPU.ActiveCfg = Release|Any CPU
		{CF62829D-A445-4004-89FF-B165146B48D0}.Release|Any CPU.Build.0 = Release|Any CPU
		{85684B75-A345-4449-8D85-8C20C63E9C08}.Debug|Any CPU.ActiveCfg = Debug|Any CPU
		{85684B75-A345-4449-8D85-8C20C63E9C08}.Debug|Any CPU.Build.0 = Debug|Any CPU
		{85684B75-A345-4449-8D85-8C20C63E9C08}.Release|Any CPU.ActiveCfg = Release|Any CPU
		{85684B75-A345-4449-8D85-8C20C63E9C08}.Release|Any CPU.Build.0 = Release|Any CPU
		{CE81777E-3BE4-4A17-9E2B-4CD986E5053E}.Debug|Any CPU.ActiveCfg = Debug|Any CPU
		{CE81777E-3BE4-4A17-9E2B-4CD986E5053E}.Debug|Any CPU.Build.0 = Debug|Any CPU
		{CE81777E-3BE4-4A17-9E2B-4CD986E5053E}.Release|Any CPU.ActiveCfg = Release|Any CPU
		{CE81777E-3BE4-4A17-9E2B-4CD986E5053E}.Release|Any CPU.Build.0 = Release|Any CPU
		{04A9BDB4-55FE-4C50-87B3-BB02D9FEB95B}.Debug|Any CPU.ActiveCfg = Debug|Any CPU
		{04A9BDB4-55FE-4C50-87B3-BB02D9FEB95B}.Debug|Any CPU.Build.0 = Debug|Any CPU
		{04A9BDB4-55FE-4C50-87B3-BB02D9FEB95B}.Release|Any CPU.ActiveCfg = Release|Any CPU
		{04A9BDB4-55FE-4C50-87B3-BB02D9FEB95B}.Release|Any CPU.Build.0 = Release|Any CPU
		{A8AD4F89-2473-458B-8A68-8CB2EE438079}.Debug|Any CPU.ActiveCfg = Debug|Any CPU
		{A8AD4F89-2473-458B-8A68-8CB2EE438079}.Debug|Any CPU.Build.0 = Debug|Any CPU
		{A8AD4F89-2473-458B-8A68-8CB2EE438079}.Release|Any CPU.ActiveCfg = Release|Any CPU
		{A8AD4F89-2473-458B-8A68-8CB2EE438079}.Release|Any CPU.Build.0 = Release|Any CPU
		{2144E77F-6FEF-4405-B85F-5FC8BC946C22}.Debug|Any CPU.ActiveCfg = Debug|Any CPU
		{2144E77F-6FEF-4405-B85F-5FC8BC946C22}.Debug|Any CPU.Build.0 = Debug|Any CPU
		{2144E77F-6FEF-4405-B85F-5FC8BC946C22}.Release|Any CPU.ActiveCfg = Release|Any CPU
		{2144E77F-6FEF-4405-B85F-5FC8BC946C22}.Release|Any CPU.Build.0 = Release|Any CPU
		{57436319-4079-4CC7-9A15-434C352E0EF7}.Debug|Any CPU.ActiveCfg = Debug|Any CPU
		{57436319-4079-4CC7-9A15-434C352E0EF7}.Debug|Any CPU.Build.0 = Debug|Any CPU
		{57436319-4079-4CC7-9A15-434C352E0EF7}.Release|Any CPU.ActiveCfg = Release|Any CPU
		{57436319-4079-4CC7-9A15-434C352E0EF7}.Release|Any CPU.Build.0 = Release|Any CPU
		{04104079-FF9D-4A29-A162-5E279698D13E}.Debug|Any CPU.ActiveCfg = Debug|Any CPU
		{04104079-FF9D-4A29-A162-5E279698D13E}.Debug|Any CPU.Build.0 = Debug|Any CPU
		{04104079-FF9D-4A29-A162-5E279698D13E}.Release|Any CPU.ActiveCfg = Release|Any CPU
		{04104079-FF9D-4A29-A162-5E279698D13E}.Release|Any CPU.Build.0 = Release|Any CPU
		{951D4E83-A25C-4C9E-A3BF-B3836A97294F}.Debug|Any CPU.ActiveCfg = Debug|Any CPU
		{951D4E83-A25C-4C9E-A3BF-B3836A97294F}.Debug|Any CPU.Build.0 = Debug|Any CPU
		{951D4E83-A25C-4C9E-A3BF-B3836A97294F}.Release|Any CPU.ActiveCfg = Release|Any CPU
		{951D4E83-A25C-4C9E-A3BF-B3836A97294F}.Release|Any CPU.Build.0 = Release|Any CPU
		{93BB9121-AB47-44BB-A475-FDA5B4C476C2}.Debug|Any CPU.ActiveCfg = Debug|Any CPU
		{93BB9121-AB47-44BB-A475-FDA5B4C476C2}.Debug|Any CPU.Build.0 = Debug|Any CPU
		{93BB9121-AB47-44BB-A475-FDA5B4C476C2}.Release|Any CPU.ActiveCfg = Release|Any CPU
		{93BB9121-AB47-44BB-A475-FDA5B4C476C2}.Release|Any CPU.Build.0 = Release|Any CPU
		{43C585FC-7DD1-4551-8547-C97453D6554C}.Debug|Any CPU.ActiveCfg = Debug|Any CPU
		{43C585FC-7DD1-4551-8547-C97453D6554C}.Debug|Any CPU.Build.0 = Debug|Any CPU
		{43C585FC-7DD1-4551-8547-C97453D6554C}.Release|Any CPU.ActiveCfg = Release|Any CPU
		{43C585FC-7DD1-4551-8547-C97453D6554C}.Release|Any CPU.Build.0 = Release|Any CPU
		{83C91953-91B0-4F04-B57C-3AF7040F7A5E}.Debug|Any CPU.ActiveCfg = Debug|Any CPU
		{83C91953-91B0-4F04-B57C-3AF7040F7A5E}.Debug|Any CPU.Build.0 = Debug|Any CPU
		{83C91953-91B0-4F04-B57C-3AF7040F7A5E}.Release|Any CPU.ActiveCfg = Release|Any CPU
		{83C91953-91B0-4F04-B57C-3AF7040F7A5E}.Release|Any CPU.Build.0 = Release|Any CPU
		{29580C3E-44F7-46BA-9018-80CB493608DC}.Debug|Any CPU.ActiveCfg = Debug|Any CPU
		{29580C3E-44F7-46BA-9018-80CB493608DC}.Debug|Any CPU.Build.0 = Debug|Any CPU
		{29580C3E-44F7-46BA-9018-80CB493608DC}.Release|Any CPU.ActiveCfg = Release|Any CPU
		{29580C3E-44F7-46BA-9018-80CB493608DC}.Release|Any CPU.Build.0 = Release|Any CPU
		{FD1FADE7-F364-4AC7-8B15-8C072479376C}.Debug|Any CPU.ActiveCfg = Debug|Any CPU
		{FD1FADE7-F364-4AC7-8B15-8C072479376C}.Debug|Any CPU.Build.0 = Debug|Any CPU
		{FD1FADE7-F364-4AC7-8B15-8C072479376C}.Release|Any CPU.ActiveCfg = Release|Any CPU
		{FD1FADE7-F364-4AC7-8B15-8C072479376C}.Release|Any CPU.Build.0 = Release|Any CPU
		{D6A16801-ABFD-4707-94ED-8BF4A5EBD3D6}.Debug|Any CPU.ActiveCfg = Debug|Any CPU
		{D6A16801-ABFD-4707-94ED-8BF4A5EBD3D6}.Debug|Any CPU.Build.0 = Debug|Any CPU
		{D6A16801-ABFD-4707-94ED-8BF4A5EBD3D6}.Release|Any CPU.ActiveCfg = Release|Any CPU
		{D6A16801-ABFD-4707-94ED-8BF4A5EBD3D6}.Release|Any CPU.Build.0 = Release|Any CPU
		{E773B8A5-AD19-4B2A-BCF3-74642A478A1A}.Debug|Any CPU.ActiveCfg = Debug|Any CPU
		{E773B8A5-AD19-4B2A-BCF3-74642A478A1A}.Debug|Any CPU.Build.0 = Debug|Any CPU
		{E773B8A5-AD19-4B2A-BCF3-74642A478A1A}.Release|Any CPU.ActiveCfg = Release|Any CPU
		{E773B8A5-AD19-4B2A-BCF3-74642A478A1A}.Release|Any CPU.Build.0 = Release|Any CPU
		{85F9920C-99EA-4745-AFB5-776B66BBCF3F}.Debug|Any CPU.ActiveCfg = Debug|Any CPU
		{85F9920C-99EA-4745-AFB5-776B66BBCF3F}.Debug|Any CPU.Build.0 = Debug|Any CPU
		{85F9920C-99EA-4745-AFB5-776B66BBCF3F}.Release|Any CPU.ActiveCfg = Release|Any CPU
		{85F9920C-99EA-4745-AFB5-776B66BBCF3F}.Release|Any CPU.Build.0 = Release|Any CPU
		{394DDF89-5A4E-43D0-9808-F917A335F77F}.Debug|Any CPU.ActiveCfg = Debug|Any CPU
		{394DDF89-5A4E-43D0-9808-F917A335F77F}.Debug|Any CPU.Build.0 = Debug|Any CPU
		{394DDF89-5A4E-43D0-9808-F917A335F77F}.Release|Any CPU.ActiveCfg = Release|Any CPU
		{394DDF89-5A4E-43D0-9808-F917A335F77F}.Release|Any CPU.Build.0 = Release|Any CPU
		{F31311AB-AD73-47DE-B510-D22E4410A2D8}.Debug|Any CPU.ActiveCfg = Debug|Any CPU
		{F31311AB-AD73-47DE-B510-D22E4410A2D8}.Debug|Any CPU.Build.0 = Debug|Any CPU
		{F31311AB-AD73-47DE-B510-D22E4410A2D8}.Release|Any CPU.ActiveCfg = Release|Any CPU
		{F31311AB-AD73-47DE-B510-D22E4410A2D8}.Release|Any CPU.Build.0 = Release|Any CPU
	EndGlobalSection
	GlobalSection(SolutionProperties) = preSolution
		HideSolutionNode = FALSE
	EndGlobalSection
	GlobalSection(NestedProjects) = preSolution
		{FD2CFCB4-4680-4AA9-AC61-B7F7FCF5561F} = {D1F91E7A-CCCB-47A9-B032-82C5D315D305}
		{FAA3066F-4D79-4F06-B800-79E1FA1E41AB} = {00CA5E7D-9BCF-42EF-B6FB-2F080F060AD0}
		{5E8CC36F-37FD-459B-B8E1-FE5C4E1088B2} = {09502115-689D-434A-89E1-AA7E6CACCB62}
		{7C6C3CDE-5F32-4AE3-9FF6-EA35E4536642} = {CA778291-6941-4379-A815-BFD7C1D0EE48}
		{B6F5A435-D414-4862-8C54-2129304E2433} = {99B68012-5455-4731-96DE-5815959A9BB5}
		{465ED0A0-CFFF-4A1A-8198-50AA3B1CE2C3} = {008633D5-BA95-4023-9CB4-C138D85AA712}
		{654772E4-4D96-4760-BA1F-D2B032247878} = {582E1997-3577-4A15-838C-A6463389C5AF}
		{F03B0BA3-F53E-49F4-9D23-56383AB0F150} = {AFA4FE74-59A0-45E7-92EF-806858BD1BDB}
		{A6E99E63-B60C-4A52-A71D-36D5C02C56D3} = {63AA43AE-6851-4022-B232-64302A468542}
		{D669FF57-AB33-4046-81A4-B61567A1F9E7} = {28469DE0-1848-4F68-A2EC-30EE63EF2CF6}
		{671346D1-CCAE-460B-8C29-A7F1620ACBAE} = {221815DB-63C6-423F-A6E3-BBCBB0498C8B}
		{969A7232-78A2-4210-BCF8-FA4B4A69561D} = {9D2FE26A-73F2-489A-94CF-77717D62195B}
		{D27A08FF-F257-4622-AEC9-96F4B9C0FF44} = {63FFBECE-C55F-4FDB-8C0C-5C0AABBAF6AD}
		{B0A9B88A-FB5E-4D3E-BDA1-32AD20F13E6F} = {AE19C89E-37FD-4B04-AAA3-C482619D5F6A}
		{246ED331-1A8C-475A-A6BB-338AC98ACA83} = {AE19C89E-37FD-4B04-AAA3-C482619D5F6A}
		{06836A7B-4201-4D2D-A36F-1A1A0E5F3B59} = {2DDC98DB-5468-4A6E-9264-A53248CDAFA9}
		{1B5FD981-0D1B-4DF4-A3DD-BAA86101B409} = {AE19C89E-37FD-4B04-AAA3-C482619D5F6A}
		{3D7354EB-2532-45C5-BE49-E5FC208429A9} = {D7238B19-AA0A-4B2B-B411-F9E3C565DB5D}
		{817E6A85-99C9-430A-80B5-6175406FCC25} = {3D7354EB-2532-45C5-BE49-E5FC208429A9}
		{059CE9D5-F5BF-4478-97B6-08A4CD8E41F2} = {D7238B19-AA0A-4B2B-B411-F9E3C565DB5D}
		{A3577E6B-F930-4148-BB09-F46C89768BA6} = {059CE9D5-F5BF-4478-97B6-08A4CD8E41F2}
		{2DDC98DB-5468-4A6E-9264-A53248CDAFA9} = {AE19C89E-37FD-4B04-AAA3-C482619D5F6A}
		{E4030A2A-40C9-491A-89DD-6669D59FE7F0} = {CB8722E6-65C1-4DBA-9AC5-A90E255E157B}
		{13B31AC4-CEF6-41F5-904A-570D1DBDA2AC} = {AE19C89E-37FD-4B04-AAA3-C482619D5F6A}
		{8B25E6BB-DCF1-4DC9-8042-A61829FF08CC} = {13B31AC4-CEF6-41F5-904A-570D1DBDA2AC}
		{3E20DEA1-62FB-4E7A-A75B-BFAFC40DAF54} = {13B31AC4-CEF6-41F5-904A-570D1DBDA2AC}
		{2A564E35-633C-420A-A653-574DE4558A78} = {AE19C89E-37FD-4B04-AAA3-C482619D5F6A}
		{60BE9950-FAA6-48B6-8602-6E82927E12CE} = {2A564E35-633C-420A-A653-574DE4558A78}
		{CB8722E6-65C1-4DBA-9AC5-A90E255E157B} = {AE19C89E-37FD-4B04-AAA3-C482619D5F6A}
		{D1F91E7A-CCCB-47A9-B032-82C5D315D305} = {AE19C89E-37FD-4B04-AAA3-C482619D5F6A}
		{008633D5-BA95-4023-9CB4-C138D85AA712} = {AE19C89E-37FD-4B04-AAA3-C482619D5F6A}
		{221815DB-63C6-423F-A6E3-BBCBB0498C8B} = {AE19C89E-37FD-4B04-AAA3-C482619D5F6A}
		{DE96EBB8-44CF-41C8-8A2B-EA2980FE381C} = {221815DB-63C6-423F-A6E3-BBCBB0498C8B}
		{63AA43AE-6851-4022-B232-64302A468542} = {AE19C89E-37FD-4B04-AAA3-C482619D5F6A}
		{6B4750D6-1281-463F-910B-9093BD75618B} = {D1F91E7A-CCCB-47A9-B032-82C5D315D305}
		{1CE4A2B1-F6FB-49F4-A074-99C31BF91B10} = {63AA43AE-6851-4022-B232-64302A468542}
		{AFA4FE74-59A0-45E7-92EF-806858BD1BDB} = {AE19C89E-37FD-4B04-AAA3-C482619D5F6A}
		{00CA5E7D-9BCF-42EF-B6FB-2F080F060AD0} = {AE19C89E-37FD-4B04-AAA3-C482619D5F6A}
		{09502115-689D-434A-89E1-AA7E6CACCB62} = {AE19C89E-37FD-4B04-AAA3-C482619D5F6A}
		{99B68012-5455-4731-96DE-5815959A9BB5} = {AE19C89E-37FD-4B04-AAA3-C482619D5F6A}
		{2A0A8FD6-7D67-4036-A9B9-0BD51F0E3119} = {AE19C89E-37FD-4B04-AAA3-C482619D5F6A}
		{CF62829D-A445-4004-89FF-B165146B48D0} = {2A0A8FD6-7D67-4036-A9B9-0BD51F0E3119}
		{85684B75-A345-4449-8D85-8C20C63E9C08} = {059CE9D5-F5BF-4478-97B6-08A4CD8E41F2}
		{582E1997-3577-4A15-838C-A6463389C5AF} = {AE19C89E-37FD-4B04-AAA3-C482619D5F6A}
		{28469DE0-1848-4F68-A2EC-30EE63EF2CF6} = {AE19C89E-37FD-4B04-AAA3-C482619D5F6A}
		{449BCE9D-E427-4F33-B5FC-FABDE64BA93C} = {AE19C89E-37FD-4B04-AAA3-C482619D5F6A}
		{9D2FE26A-73F2-489A-94CF-77717D62195B} = {AE19C89E-37FD-4B04-AAA3-C482619D5F6A}
		{CE81777E-3BE4-4A17-9E2B-4CD986E5053E} = {449BCE9D-E427-4F33-B5FC-FABDE64BA93C}
		{63FFBECE-C55F-4FDB-8C0C-5C0AABBAF6AD} = {AE19C89E-37FD-4B04-AAA3-C482619D5F6A}
		{B602A72F-392D-470E-B354-84B0CC5F0FD4} = {D7238B19-AA0A-4B2B-B411-F9E3C565DB5D}
		{04A9BDB4-55FE-4C50-87B3-BB02D9FEB95B} = {B602A72F-392D-470E-B354-84B0CC5F0FD4}
		{682D3F2A-479C-43A7-8EAF-EA6443B57468} = {AE19C89E-37FD-4B04-AAA3-C482619D5F6A}
		{A8AD4F89-2473-458B-8A68-8CB2EE438079} = {682D3F2A-479C-43A7-8EAF-EA6443B57468}
		{D0455112-A5FB-4786-9380-238062F2866C} = {D7238B19-AA0A-4B2B-B411-F9E3C565DB5D}
		{2144E77F-6FEF-4405-B85F-5FC8BC946C22} = {D0455112-A5FB-4786-9380-238062F2866C}
		{CF10E06C-0A1B-49C4-B0F9-F8F9A0C65355} = {AE19C89E-37FD-4B04-AAA3-C482619D5F6A}
		{57436319-4079-4CC7-9A15-434C352E0EF7} = {CF10E06C-0A1B-49C4-B0F9-F8F9A0C65355}
		{8B28D38B-A631-4E7A-B4BE-117DA714D4CF} = {AE19C89E-37FD-4B04-AAA3-C482619D5F6A}
		{951D4E83-A25C-4C9E-A3BF-B3836A97294F} = {8B28D38B-A631-4E7A-B4BE-117DA714D4CF}
		{93BB9121-AB47-44BB-A475-FDA5B4C476C2} = {2A564E35-633C-420A-A653-574DE4558A78}
		{43C585FC-7DD1-4551-8547-C97453D6554C} = {682D3F2A-479C-43A7-8EAF-EA6443B57468}
		{83C91953-91B0-4F04-B57C-3AF7040F7A5E} = {008633D5-BA95-4023-9CB4-C138D85AA712}
		{29580C3E-44F7-46BA-9018-80CB493608DC} = {008633D5-BA95-4023-9CB4-C138D85AA712}
		{FD1FADE7-F364-4AC7-8B15-8C072479376C} = {008633D5-BA95-4023-9CB4-C138D85AA712}
		{D6A16801-ABFD-4707-94ED-8BF4A5EBD3D6} = {008633D5-BA95-4023-9CB4-C138D85AA712}
		{E773B8A5-AD19-4B2A-BCF3-74642A478A1A} = {008633D5-BA95-4023-9CB4-C138D85AA712}
		{85F9920C-99EA-4745-AFB5-776B66BBCF3F} = {008633D5-BA95-4023-9CB4-C138D85AA712}
		{EE3E7322-5796-41AE-B092-D19AFAFF1F83} = {AE19C89E-37FD-4B04-AAA3-C482619D5F6A}
		{394DDF89-5A4E-43D0-9808-F917A335F77F} = {EE3E7322-5796-41AE-B092-D19AFAFF1F83}
		{0BB93F4E-B47B-4B4B-B386-8E21073EE311} = {AE19C89E-37FD-4B04-AAA3-C482619D5F6A}
		{F31311AB-AD73-47DE-B510-D22E4410A2D8} = {0BB93F4E-B47B-4B4B-B386-8E21073EE311}
	EndGlobalSection
	GlobalSection(ExtensibilityGlobals) = postSolution
		SolutionGuid = {128B88FB-74C7-4070-AD2C-1D67B387BD42}
	EndGlobalSection
EndGlobal
